// !$*UTF8*$!
{
	archiveVersion = 1;
	classes = {
	};
	objectVersion = 46;
	objects = {

/* Begin PBXBuildFile section */
		1D60589F0D05DD5A006BFB54 /* Foundation.framework in Frameworks */ = {isa = PBXBuildFile; fileRef = 1D30AB110D05D00D00671497 /* Foundation.framework */; };
		1DF5F4E00D08C38300B7A737 /* UIKit.framework in Frameworks */ = {isa = PBXBuildFile; fileRef = 1DF5F4DF0D08C38300B7A737 /* UIKit.framework */; };
		288765590DF743DE002DB57D /* CoreGraphics.framework in Frameworks */ = {isa = PBXBuildFile; fileRef = 288765580DF743DE002DB57D /* CoreGraphics.framework */; };
		289233A60DB2D0840083E9F9 /* ScoreView.m in Sources */ = {isa = PBXBuildFile; fileRef = 289233A30DB2D0840083E9F9 /* ScoreView.m */; };
		289233A70DB2D0840083E9F9 /* MainView.m in Sources */ = {isa = PBXBuildFile; fileRef = 289233A50DB2D0840083E9F9 /* MainView.m */; };
		289233AE0DB2D0DB0083E9F9 /* MainViewController.m in Sources */ = {isa = PBXBuildFile; fileRef = 289233A90DB2D0DB0083E9F9 /* MainViewController.m */; };
		289233B00DB2D0DB0083E9F9 /* ScoreViewController.m in Sources */ = {isa = PBXBuildFile; fileRef = 289233AD0DB2D0DB0083E9F9 /* ScoreViewController.m */; };
		CF0F496D160D84E300E6321D /* TPMultiLayoutViewController.m in Sources */ = {isa = PBXBuildFile; fileRef = CF28B98B160D7B0900EB125C /* TPMultiLayoutViewController.m */; };
		CF4C6DEB116A1B59007DFB9C /* MessageUI.framework in Frameworks */ = {isa = PBXBuildFile; fileRef = CF4C6DE8116A1B59007DFB9C /* MessageUI.framework */; };
		CF4C6DEC116A1B59007DFB9C /* MediaPlayer.framework in Frameworks */ = {isa = PBXBuildFile; fileRef = CF4C6DE9116A1B59007DFB9C /* MediaPlayer.framework */; };
		CF4C6DED116A1B59007DFB9C /* QuartzCore.framework in Frameworks */ = {isa = PBXBuildFile; fileRef = CF4C6DEA116A1B59007DFB9C /* QuartzCore.framework */; };
		CF502836160B2A6E00B1CDF6 /* SudokuNum.m in Sources */ = {isa = PBXBuildFile; fileRef = CF998581160B26910097879C /* SudokuNum.m */; };
		CF502838160B2A6E00B1CDF6 /* SudokuGame.m in Sources */ = {isa = PBXBuildFile; fileRef = CF99857F160B26910097879C /* SudokuGame.m */; };
		CF8059A01155213300AE3DB5 /* AudioToolbox.framework in Frameworks */ = {isa = PBXBuildFile; fileRef = CF80599F1155213300AE3DB5 /* AudioToolbox.framework */; };
		CF96BC71114F4D0D009B4E78 /* AppDelegate.m in Sources */ = {isa = PBXBuildFile; fileRef = CF96BC70114F4D0D009B4E78 /* AppDelegate.m */; };
		CF98AE13120FADFC0041A3FE /* Localizable.strings in Resources */ = {isa = PBXBuildFile; fileRef = CF98AE12120FADFC0041A3FE /* Localizable.strings */; };
		CF99852A160B25340097879C /* Icon-72.png in Resources */ = {isa = PBXBuildFile; fileRef = CF998522160B25340097879C /* Icon-72.png */; };
		CF99852B160B25340097879C /* Icon-512.png in Resources */ = {isa = PBXBuildFile; fileRef = CF998523160B25340097879C /* Icon-512.png */; };
		CF99852C160B25340097879C /* Icon-1024.png in Resources */ = {isa = PBXBuildFile; fileRef = CF998524160B25340097879C /* Icon-1024.png */; };
		CF99852D160B25340097879C /* Icon-Small-50.png in Resources */ = {isa = PBXBuildFile; fileRef = CF998525160B25340097879C /* Icon-Small-50.png */; };
		CF99852E160B25340097879C /* Icon-Small.png in Resources */ = {isa = PBXBuildFile; fileRef = CF998526160B25340097879C /* Icon-Small.png */; };
		CF99852F160B25340097879C /* Icon-Small@2x.png in Resources */ = {isa = PBXBuildFile; fileRef = CF998527160B25340097879C /* Icon-Small@2x.png */; };
		CF998530160B25340097879C /* Icon.png in Resources */ = {isa = PBXBuildFile; fileRef = CF998528160B25340097879C /* Icon.png */; };
		CF998531160B25340097879C /* Icon@2x.png in Resources */ = {isa = PBXBuildFile; fileRef = CF998529160B25340097879C /* Icon@2x.png */; };
		CF998544160B25BB0097879C /* Default-568h@2x.png in Resources */ = {isa = PBXBuildFile; fileRef = CF998542160B25BB0097879C /* Default-568h@2x.png */; };
		CF998545160B25BB0097879C /* Default.png in Resources */ = {isa = PBXBuildFile; fileRef = CF998543160B25BB0097879C /* Default.png */; };
		CF998562160B26210097879C /* clear.wav in Resources */ = {isa = PBXBuildFile; fileRef = CF99855A160B26210097879C /* clear.wav */; };
		CF998563160B26210097879C /* click.wav in Resources */ = {isa = PBXBuildFile; fileRef = CF99855B160B26210097879C /* click.wav */; };
		CF998564160B26210097879C /* fail.wav in Resources */ = {isa = PBXBuildFile; fileRef = CF99855C160B26210097879C /* fail.wav */; };
		CF998565160B26210097879C /* Funk.aiff in Resources */ = {isa = PBXBuildFile; fileRef = CF99855D160B26210097879C /* Funk.aiff */; };
		CF998566160B26210097879C /* Funk.wav in Resources */ = {isa = PBXBuildFile; fileRef = CF99855E160B26210097879C /* Funk.wav */; };
		CF998567160B26210097879C /* Pop.aiff in Resources */ = {isa = PBXBuildFile; fileRef = CF99855F160B26210097879C /* Pop.aiff */; };
		CF998568160B26210097879C /* Sosumi.aiff in Resources */ = {isa = PBXBuildFile; fileRef = CF998560160B26210097879C /* Sosumi.aiff */; };
		CF998569160B26210097879C /* Tink.aiff in Resources */ = {isa = PBXBuildFile; fileRef = CF998561160B26210097879C /* Tink.aiff */; };
		CF99856F160B26590097879C /* ScoreView.xib in Resources */ = {isa = PBXBuildFile; fileRef = CF99856A160B26590097879C /* ScoreView.xib */; };
		CF998570160B26590097879C /* ScoreView4iPad.xib in Resources */ = {isa = PBXBuildFile; fileRef = CF99856B160B26590097879C /* ScoreView4iPad.xib */; };
		CF998571160B26590097879C /* MainView.xib in Resources */ = {isa = PBXBuildFile; fileRef = CF99856C160B26590097879C /* MainView.xib */; };
		CF998572160B26590097879C /* MainView4iPad.xib in Resources */ = {isa = PBXBuildFile; fileRef = CF99856D160B26590097879C /* MainView4iPad.xib */; };
		CF998573160B26590097879C /* MainView4iPhone5.xib in Resources */ = {isa = PBXBuildFile; fileRef = CF99856E160B26590097879C /* MainView4iPhone5.xib */; };
		CF998595160B27510097879C /* main.m in Sources */ = {isa = PBXBuildFile; fileRef = CF998594160B27510097879C /* main.m */; };
		CFA46E12115E7BB20090B9B1 /* InfoPlist.strings in Resources */ = {isa = PBXBuildFile; fileRef = CFA46E11115E7BB20090B9B1 /* InfoPlist.strings */; };
/* End PBXBuildFile section */

/* Begin PBXFileReference section */
		1D30AB110D05D00D00671497 /* Foundation.framework */ = {isa = PBXFileReference; lastKnownFileType = wrapper.framework; name = Foundation.framework; path = System/Library/Frameworks/Foundation.framework; sourceTree = SDKROOT; };
		1D3623240D0F684500981E51 /* AppDelegate.h */ = {isa = PBXFileReference; fileEncoding = 4; lastKnownFileType = sourcecode.c.h; path = AppDelegate.h; sourceTree = "<group>"; };
		1D6058910D05DD3D006BFB54 /* sudoku9.app */ = {isa = PBXFileReference; explicitFileType = wrapper.application; includeInIndex = 0; path = sudoku9.app; sourceTree = BUILT_PRODUCTS_DIR; };
		1DF5F4DF0D08C38300B7A737 /* UIKit.framework */ = {isa = PBXFileReference; lastKnownFileType = wrapper.framework; name = UIKit.framework; path = System/Library/Frameworks/UIKit.framework; sourceTree = SDKROOT; };
		288765580DF743DE002DB57D /* CoreGraphics.framework */ = {isa = PBXFileReference; lastKnownFileType = wrapper.framework; name = CoreGraphics.framework; path = System/Library/Frameworks/CoreGraphics.framework; sourceTree = SDKROOT; };
		289233A20DB2D0840083E9F9 /* ScoreView.h */ = {isa = PBXFileReference; fileEncoding = 4; lastKnownFileType = sourcecode.c.h; name = ScoreView.h; path = Classes/ScoreView.h; sourceTree = "<group>"; };
		289233A30DB2D0840083E9F9 /* ScoreView.m */ = {isa = PBXFileReference; fileEncoding = 4; lastKnownFileType = sourcecode.c.objc; name = ScoreView.m; path = Classes/ScoreView.m; sourceTree = "<group>"; };
		289233A40DB2D0840083E9F9 /* MainView.h */ = {isa = PBXFileReference; fileEncoding = 4; lastKnownFileType = sourcecode.c.h; name = MainView.h; path = Classes/MainView.h; sourceTree = "<group>"; };
		289233A50DB2D0840083E9F9 /* MainView.m */ = {isa = PBXFileReference; fileEncoding = 4; lastKnownFileType = sourcecode.c.objc; name = MainView.m; path = Classes/MainView.m; sourceTree = "<group>"; };
		289233A80DB2D0DB0083E9F9 /* MainViewController.h */ = {isa = PBXFileReference; fileEncoding = 4; lastKnownFileType = sourcecode.c.h; name = MainViewController.h; path = Classes/MainViewController.h; sourceTree = "<group>"; };
		289233A90DB2D0DB0083E9F9 /* MainViewController.m */ = {isa = PBXFileReference; fileEncoding = 4; lastKnownFileType = sourcecode.c.objc; name = MainViewController.m; path = Classes/MainViewController.m; sourceTree = "<group>"; };
		289233AC0DB2D0DB0083E9F9 /* ScoreViewController.h */ = {isa = PBXFileReference; fileEncoding = 4; lastKnownFileType = sourcecode.c.h; name = ScoreViewController.h; path = Classes/ScoreViewController.h; sourceTree = "<group>"; };
		289233AD0DB2D0DB0083E9F9 /* ScoreViewController.m */ = {isa = PBXFileReference; fileEncoding = 4; lastKnownFileType = sourcecode.c.objc; name = ScoreViewController.m; path = Classes/ScoreViewController.m; sourceTree = "<group>"; };
		32CA4F630368D1EE00C91783 /* sudoku_Prefix.pch */ = {isa = PBXFileReference; fileEncoding = 4; lastKnownFileType = sourcecode.c.h; path = sudoku_Prefix.pch; sourceTree = "<group>"; };
		CF023E3A1212719E009C58A3 /* Japanese */ = {isa = PBXFileReference; lastKnownFileType = text.plist.strings; name = Japanese; path = Japanese.lproj/Localizable.strings; sourceTree = "<group>"; };
		CF023E3B121271A8009C58A3 /* French */ = {isa = PBXFileReference; lastKnownFileType = text.plist.strings; name = French; path = French.lproj/Localizable.strings; sourceTree = "<group>"; };
		CF023E3C121271AE009C58A3 /* German */ = {isa = PBXFileReference; lastKnownFileType = text.plist.strings; name = German; path = German.lproj/Localizable.strings; sourceTree = "<group>"; };
		CF023E8A12127FEF009C58A3 /* zh_CN */ = {isa = PBXFileReference; lastKnownFileType = text.plist.strings; name = zh_CN; path = zh_CN.lproj/Localizable.strings; sourceTree = "<group>"; };
		CF023EA012128340009C58A3 /* zh_TW */ = {isa = PBXFileReference; lastKnownFileType = text.plist.strings; name = zh_TW; path = zh_TW.lproj/Localizable.strings; sourceTree = "<group>"; };
		CF023EA312128534009C58A3 /* Japanese */ = {isa = PBXFileReference; lastKnownFileType = text.plist.strings; name = Japanese; path = Japanese.lproj/InfoPlist.strings; sourceTree = "<group>"; };
		CF023EA412128537009C58A3 /* French */ = {isa = PBXFileReference; lastKnownFileType = text.plist.strings; name = French; path = French.lproj/InfoPlist.strings; sourceTree = "<group>"; };
		CF023EA51212853A009C58A3 /* German */ = {isa = PBXFileReference; lastKnownFileType = text.plist.strings; name = German; path = German.lproj/InfoPlist.strings; sourceTree = "<group>"; };
		CF023EA61212853D009C58A3 /* zh_CN */ = {isa = PBXFileReference; lastKnownFileType = text.plist.strings; name = zh_CN; path = zh_CN.lproj/InfoPlist.strings; sourceTree = "<group>"; };
		CF023EA712128541009C58A3 /* zh_TW */ = {isa = PBXFileReference; lastKnownFileType = text.plist.strings; name = zh_TW; path = zh_TW.lproj/InfoPlist.strings; sourceTree = "<group>"; };
		CF0F631115DE05AB00EF4DF6 /* es */ = {isa = PBXFileReference; lastKnownFileType = text.plist.strings; name = es; path = es.lproj/InfoPlist.strings; sourceTree = "<group>"; };
		CF0F631215DE05AB00EF4DF6 /* es */ = {isa = PBXFileReference; lastKnownFileType = text.plist.strings; name = es; path = es.lproj/Localizable.strings; sourceTree = "<group>"; };
		CF28B98A160D7B0900EB125C /* TPMultiLayoutViewController.h */ = {isa = PBXFileReference; lastKnownFileType = sourcecode.c.h; name = TPMultiLayoutViewController.h; path = Classes/TPMultiLayoutViewController.h; sourceTree = "<group>"; };
		CF28B98B160D7B0900EB125C /* TPMultiLayoutViewController.m */ = {isa = PBXFileReference; lastKnownFileType = sourcecode.c.objc; name = TPMultiLayoutViewController.m; path = Classes/TPMultiLayoutViewController.m; sourceTree = "<group>"; };
		CF4C6DE8116A1B59007DFB9C /* MessageUI.framework */ = {isa = PBXFileReference; lastKnownFileType = wrapper.framework; name = MessageUI.framework; path = System/Library/Frameworks/MessageUI.framework; sourceTree = SDKROOT; };
		CF4C6DE9116A1B59007DFB9C /* MediaPlayer.framework */ = {isa = PBXFileReference; lastKnownFileType = wrapper.framework; name = MediaPlayer.framework; path = System/Library/Frameworks/MediaPlayer.framework; sourceTree = SDKROOT; };
		CF4C6DEA116A1B59007DFB9C /* QuartzCore.framework */ = {isa = PBXFileReference; lastKnownFileType = wrapper.framework; name = QuartzCore.framework; path = System/Library/Frameworks/QuartzCore.framework; sourceTree = SDKROOT; };
		CF80599F1155213300AE3DB5 /* AudioToolbox.framework */ = {isa = PBXFileReference; lastKnownFileType = wrapper.framework; name = AudioToolbox.framework; path = System/Library/Frameworks/AudioToolbox.framework; sourceTree = SDKROOT; };
		CF96BC70114F4D0D009B4E78 /* AppDelegate.m */ = {isa = PBXFileReference; fileEncoding = 4; lastKnownFileType = sourcecode.c.objc; path = AppDelegate.m; sourceTree = "<group>"; };
		CF98AE10120FADF40041A3FE /* English */ = {isa = PBXFileReference; fileEncoding = 4; lastKnownFileType = text.plist.strings; name = English; path = English.lproj/Localizable.strings; sourceTree = "<group>"; };
		CF98AE14120FAE010041A3FE /* Korean */ = {isa = PBXFileReference; lastKnownFileType = text.plist.strings; name = Korean; path = Korean.lproj/Localizable.strings; sourceTree = "<group>"; };
		CF99851C160B23DB0097879C /* Sudoku.plist */ = {isa = PBXFileReference; fileEncoding = 4; lastKnownFileType = text.plist.xml; name = Sudoku.plist; path = resource/Sudoku9/Sudoku.plist; sourceTree = "<group>"; };
		CF998522160B25340097879C /* Icon-72.png */ = {isa = PBXFileReference; lastKnownFileType = image.png; name = "Icon-72.png"; path = "resource/Sudoku9/Icon-72.png"; sourceTree = "<group>"; };
		CF998523160B25340097879C /* Icon-512.png */ = {isa = PBXFileReference; lastKnownFileType = image.png; name = "Icon-512.png"; path = "resource/Sudoku9/Icon-512.png"; sourceTree = "<group>"; };
		CF998524160B25340097879C /* Icon-1024.png */ = {isa = PBXFileReference; lastKnownFileType = image.png; name = "Icon-1024.png"; path = "resource/Sudoku9/Icon-1024.png"; sourceTree = "<group>"; };
		CF998525160B25340097879C /* Icon-Small-50.png */ = {isa = PBXFileReference; lastKnownFileType = image.png; name = "Icon-Small-50.png"; path = "resource/Sudoku9/Icon-Small-50.png"; sourceTree = "<group>"; };
		CF998526160B25340097879C /* Icon-Small.png */ = {isa = PBXFileReference; lastKnownFileType = image.png; name = "Icon-Small.png"; path = "resource/Sudoku9/Icon-Small.png"; sourceTree = "<group>"; };
		CF998527160B25340097879C /* Icon-Small@2x.png */ = {isa = PBXFileReference; lastKnownFileType = image.png; name = "Icon-Small@2x.png"; path = "resource/Sudoku9/Icon-Small@2x.png"; sourceTree = "<group>"; };
		CF998528160B25340097879C /* Icon.png */ = {isa = PBXFileReference; lastKnownFileType = image.png; name = Icon.png; path = resource/Sudoku9/Icon.png; sourceTree = "<group>"; };
		CF998529160B25340097879C /* Icon@2x.png */ = {isa = PBXFileReference; lastKnownFileType = image.png; name = "Icon@2x.png"; path = "resource/Sudoku9/Icon@2x.png"; sourceTree = "<group>"; };
		CF998542160B25BB0097879C /* Default-568h@2x.png */ = {isa = PBXFileReference; lastKnownFileType = image.png; name = "Default-568h@2x.png"; path = "resource/Default-568h@2x.png"; sourceTree = "<group>"; };
		CF998543160B25BB0097879C /* Default.png */ = {isa = PBXFileReference; lastKnownFileType = image.png; name = Default.png; path = resource/Default.png; sourceTree = "<group>"; };
		CF99855A160B26210097879C /* clear.wav */ = {isa = PBXFileReference; lastKnownFileType = audio.wav; name = clear.wav; path = resource/clear.wav; sourceTree = "<group>"; };
		CF99855B160B26210097879C /* click.wav */ = {isa = PBXFileReference; lastKnownFileType = audio.wav; name = click.wav; path = resource/click.wav; sourceTree = "<group>"; };
		CF99855C160B26210097879C /* fail.wav */ = {isa = PBXFileReference; lastKnownFileType = audio.wav; name = fail.wav; path = resource/fail.wav; sourceTree = "<group>"; };
		CF99855D160B26210097879C /* Funk.aiff */ = {isa = PBXFileReference; lastKnownFileType = audio.aiff; name = Funk.aiff; path = resource/Funk.aiff; sourceTree = "<group>"; };
		CF99855E160B26210097879C /* Funk.wav */ = {isa = PBXFileReference; lastKnownFileType = audio.wav; name = Funk.wav; path = resource/Funk.wav; sourceTree = "<group>"; };
		CF99855F160B26210097879C /* Pop.aiff */ = {isa = PBXFileReference; lastKnownFileType = audio.aiff; name = Pop.aiff; path = resource/Pop.aiff; sourceTree = "<group>"; };
		CF998560160B26210097879C /* Sosumi.aiff */ = {isa = PBXFileReference; lastKnownFileType = audio.aiff; name = Sosumi.aiff; path = resource/Sosumi.aiff; sourceTree = "<group>"; };
		CF998561160B26210097879C /* Tink.aiff */ = {isa = PBXFileReference; lastKnownFileType = audio.aiff; name = Tink.aiff; path = resource/Tink.aiff; sourceTree = "<group>"; };
		CF99856A160B26590097879C /* ScoreView.xib */ = {isa = PBXFileReference; fileEncoding = 4; lastKnownFileType = file.xib; name = ScoreView.xib; path = resource/ScoreView.xib; sourceTree = "<group>"; };
		CF99856B160B26590097879C /* ScoreView4iPad.xib */ = {isa = PBXFileReference; fileEncoding = 4; lastKnownFileType = file.xib; name = ScoreView4iPad.xib; path = resource/ScoreView4iPad.xib; sourceTree = "<group>"; };
		CF99856C160B26590097879C /* MainView.xib */ = {isa = PBXFileReference; fileEncoding = 4; lastKnownFileType = file.xib; name = MainView.xib; path = resource/MainView.xib; sourceTree = "<group>"; };
		CF99856D160B26590097879C /* MainView4iPad.xib */ = {isa = PBXFileReference; fileEncoding = 4; lastKnownFileType = file.xib; name = MainView4iPad.xib; path = resource/MainView4iPad.xib; sourceTree = "<group>"; };
		CF99856E160B26590097879C /* MainView4iPhone5.xib */ = {isa = PBXFileReference; fileEncoding = 4; lastKnownFileType = file.xib; name = MainView4iPhone5.xib; path = resource/MainView4iPhone5.xib; sourceTree = "<group>"; };
		CF99857E160B26910097879C /* SudokuGame.h */ = {isa = PBXFileReference; lastKnownFileType = sourcecode.c.h; name = SudokuGame.h; path = Classes/SudokuGame.h; sourceTree = "<group>"; };
		CF99857F160B26910097879C /* SudokuGame.m */ = {isa = PBXFileReference; lastKnownFileType = sourcecode.c.objc; name = SudokuGame.m; path = Classes/SudokuGame.m; sourceTree = "<group>"; };
		CF998580160B26910097879C /* SudokuNum.h */ = {isa = PBXFileReference; lastKnownFileType = sourcecode.c.h; name = SudokuNum.h; path = Classes/SudokuNum.h; sourceTree = "<group>"; };
		CF998581160B26910097879C /* SudokuNum.m */ = {isa = PBXFileReference; lastKnownFileType = sourcecode.c.objc; name = SudokuNum.m; path = Classes/SudokuNum.m; sourceTree = "<group>"; };
		CF998582160B26980097879C /* Constants.h */ = {isa = PBXFileReference; lastKnownFileType = sourcecode.c.h; name = Constants.h; path = Classes/Constants.h; sourceTree = "<group>"; };
		CF998594160B27510097879C /* main.m */ = {isa = PBXFileReference; fileEncoding = 4; lastKnownFileType = sourcecode.c.objc; name = main.m; path = Classes/main.m; sourceTree = "<group>"; };
		CFA46E0F115E7BAB0090B9B1 /* English */ = {isa = PBXFileReference; fileEncoding = 4; lastKnownFileType = text.plist.strings; name = English; path = English.lproj/InfoPlist.strings; sourceTree = "<group>"; };
		CFA46E13115E7BB60090B9B1 /* Korean */ = {isa = PBXFileReference; lastKnownFileType = text.plist.strings; name = Korean; path = Korean.lproj/InfoPlist.strings; sourceTree = "<group>"; };
/* End PBXFileReference section */

/* Begin PBXFrameworksBuildPhase section */
		1D60588F0D05DD3D006BFB54 /* Frameworks */ = {
			isa = PBXFrameworksBuildPhase;
			buildActionMask = 2147483647;
			files = (
				1D60589F0D05DD5A006BFB54 /* Foundation.framework in Frameworks */,
				1DF5F4E00D08C38300B7A737 /* UIKit.framework in Frameworks */,
				288765590DF743DE002DB57D /* CoreGraphics.framework in Frameworks */,
				CF8059A01155213300AE3DB5 /* AudioToolbox.framework in Frameworks */,
				CF4C6DEB116A1B59007DFB9C /* MessageUI.framework in Frameworks */,
				CF4C6DEC116A1B59007DFB9C /* MediaPlayer.framework in Frameworks */,
				CF4C6DED116A1B59007DFB9C /* QuartzCore.framework in Frameworks */,
			);
			runOnlyForDeploymentPostprocessing = 0;
		};
/* End PBXFrameworksBuildPhase section */

/* Begin PBXGroup section */
		080E96DDFE201D6D7F000001 /* Application Delegate */ = {
			isa = PBXGroup;
			children = (
				1D3623240D0F684500981E51 /* AppDelegate.h */,
				CF96BC70114F4D0D009B4E78 /* AppDelegate.m */,
			);
			name = "Application Delegate";
			path = Classes;
			sourceTree = "<group>";
		};
		19C28FACFE9D520D11CA2CBB /* Products */ = {
			isa = PBXGroup;
			children = (
				1D6058910D05DD3D006BFB54 /* sudoku9.app */,
			);
			name = Products;
			sourceTree = "<group>";
		};
		281C6CD70DB2D82200F60ACC /* Score View */ = {
			isa = PBXGroup;
			children = (
				289233A20DB2D0840083E9F9 /* ScoreView.h */,
				289233A30DB2D0840083E9F9 /* ScoreView.m */,
				289233AC0DB2D0DB0083E9F9 /* ScoreViewController.h */,
				289233AD0DB2D0DB0083E9F9 /* ScoreViewController.m */,
			);
			name = "Score View";
			sourceTree = "<group>";
		};
		289233A00DB2D0730083E9F9 /* Main View */ = {
			isa = PBXGroup;
			children = (
				CF998582160B26980097879C /* Constants.h */,
				289233A40DB2D0840083E9F9 /* MainView.h */,
				289233A50DB2D0840083E9F9 /* MainView.m */,
				289233A80DB2D0DB0083E9F9 /* MainViewController.h */,
				289233A90DB2D0DB0083E9F9 /* MainViewController.m */,
			);
			name = "Main View";
			sourceTree = "<group>";
		};
		29B97314FDCFA39411CA2CEA /* CustomTemplate */ = {
			isa = PBXGroup;
			children = (
				CF28B988160D7ACD00EB125C /* TPMultiLayout */,
				CFBE97D5114DE8FC00CCED88 /* Data */,
				289233A00DB2D0730083E9F9 /* Main View */,
				281C6CD70DB2D82200F60ACC /* Score View */,
				080E96DDFE201D6D7F000001 /* Application Delegate */,
				29B97315FDCFA39411CA2CEA /* Other Sources */,
				29B97317FDCFA39411CA2CEA /* Resources */,
				29B97323FDCFA39411CA2CEA /* Frameworks */,
				19C28FACFE9D520D11CA2CBB /* Products */,
			);
			name = CustomTemplate;
			sourceTree = "<group>";
		};
		29B97315FDCFA39411CA2CEA /* Other Sources */ = {
			isa = PBXGroup;
			children = (
				CF998594160B27510097879C /* main.m */,
				32CA4F630368D1EE00C91783 /* sudoku_Prefix.pch */,
			);
			name = "Other Sources";
			sourceTree = "<group>";
		};
		29B97317FDCFA39411CA2CEA /* Resources */ = {
			isa = PBXGroup;
			children = (
				CF99851C160B23DB0097879C /* Sudoku.plist */,
				CF998522160B25340097879C /* Icon-72.png */,
				CF998523160B25340097879C /* Icon-512.png */,
				CF998524160B25340097879C /* Icon-1024.png */,
				CF998525160B25340097879C /* Icon-Small-50.png */,
				CF998526160B25340097879C /* Icon-Small.png */,
				CF998527160B25340097879C /* Icon-Small@2x.png */,
				CF998528160B25340097879C /* Icon.png */,
				CF998529160B25340097879C /* Icon@2x.png */,
				CF998542160B25BB0097879C /* Default-568h@2x.png */,
				CF998543160B25BB0097879C /* Default.png */,
				CF99855A160B26210097879C /* clear.wav */,
				CF99855B160B26210097879C /* click.wav */,
				CF99855C160B26210097879C /* fail.wav */,
				CF99855D160B26210097879C /* Funk.aiff */,
				CF99855E160B26210097879C /* Funk.wav */,
				CF99855F160B26210097879C /* Pop.aiff */,
				CF998560160B26210097879C /* Sosumi.aiff */,
				CF998561160B26210097879C /* Tink.aiff */,
				CF99856A160B26590097879C /* ScoreView.xib */,
				CF99856B160B26590097879C /* ScoreView4iPad.xib */,
				CF99856C160B26590097879C /* MainView.xib */,
				CF99856D160B26590097879C /* MainView4iPad.xib */,
				CF99856E160B26590097879C /* MainView4iPhone5.xib */,
				CFA46E11115E7BB20090B9B1 /* InfoPlist.strings */,
				CF98AE12120FADFC0041A3FE /* Localizable.strings */,
			);
			name = Resources;
			sourceTree = "<group>";
		};
		29B97323FDCFA39411CA2CEA /* Frameworks */ = {
			isa = PBXGroup;
			children = (
				CF4C6DE8116A1B59007DFB9C /* MessageUI.framework */,
				CF4C6DE9116A1B59007DFB9C /* MediaPlayer.framework */,
				CF4C6DEA116A1B59007DFB9C /* QuartzCore.framework */,
				1DF5F4DF0D08C38300B7A737 /* UIKit.framework */,
				1D30AB110D05D00D00671497 /* Foundation.framework */,
				288765580DF743DE002DB57D /* CoreGraphics.framework */,
				CF80599F1155213300AE3DB5 /* AudioToolbox.framework */,
			);
			name = Frameworks;
			sourceTree = "<group>";
		};
		CF28B988160D7ACD00EB125C /* TPMultiLayout */ = {
			isa = PBXGroup;
			children = (
				CF28B98A160D7B0900EB125C /* TPMultiLayoutViewController.h */,
				CF28B98B160D7B0900EB125C /* TPMultiLayoutViewController.m */,
			);
			name = TPMultiLayout;
			sourceTree = "<group>";
		};
		CFBE97D5114DE8FC00CCED88 /* Data */ = {
			isa = PBXGroup;
			children = (
				CF998580160B26910097879C /* SudokuNum.h */,
				CF998581160B26910097879C /* SudokuNum.m */,
				CF99857E160B26910097879C /* SudokuGame.h */,
				CF99857F160B26910097879C /* SudokuGame.m */,
			);
			name = Data;
			sourceTree = "<group>";
		};
/* End PBXGroup section */

/* Begin PBXNativeTarget section */
		1D6058900D05DD3D006BFB54 /* sudoku9 */ = {
			isa = PBXNativeTarget;
			buildConfigurationList = 1D6058960D05DD3E006BFB54 /* Build configuration list for PBXNativeTarget "sudoku9" */;
			buildPhases = (
				1D60588D0D05DD3D006BFB54 /* Resources */,
				1D60588E0D05DD3D006BFB54 /* Sources */,
				1D60588F0D05DD3D006BFB54 /* Frameworks */,
			);
			buildRules = (
			);
			dependencies = (
			);
			name = sudoku9;
			productName = Sudoku9;
			productReference = 1D6058910D05DD3D006BFB54 /* sudoku9.app */;
			productType = "com.apple.product-type.application";
		};
/* End PBXNativeTarget section */

/* Begin PBXProject section */
		29B97313FDCFA39411CA2CEA /* Project object */ = {
			isa = PBXProject;
			attributes = {
				LastUpgradeCheck = 0450;
			};
			buildConfigurationList = C01FCF4E08A954540054247B /* Build configuration list for PBXProject "sudoku" */;
			compatibilityVersion = "Xcode 3.2";
			developmentRegion = English;
			hasScannedForEncodings = 1;
			knownRegions = (
				English,
				Japanese,
				French,
				German,
				en,
				Korean,
				zh_CN,
				zh_TW,
			);
			mainGroup = 29B97314FDCFA39411CA2CEA /* CustomTemplate */;
			projectDirPath = "";
			projectRoot = "";
			targets = (
				1D6058900D05DD3D006BFB54 /* sudoku9 */,
			);
		};
/* End PBXProject section */

/* Begin PBXResourcesBuildPhase section */
		1D60588D0D05DD3D006BFB54 /* Resources */ = {
			isa = PBXResourcesBuildPhase;
			buildActionMask = 2147483647;
			files = (
				CFA46E12115E7BB20090B9B1 /* InfoPlist.strings in Resources */,
				CF98AE13120FADFC0041A3FE /* Localizable.strings in Resources */,
				CF99852A160B25340097879C /* Icon-72.png in Resources */,
				CF99852B160B25340097879C /* Icon-512.png in Resources */,
				CF99852C160B25340097879C /* Icon-1024.png in Resources */,
				CF99852D160B25340097879C /* Icon-Small-50.png in Resources */,
				CF99852E160B25340097879C /* Icon-Small.png in Resources */,
				CF99852F160B25340097879C /* Icon-Small@2x.png in Resources */,
				CF998530160B25340097879C /* Icon.png in Resources */,
				CF998531160B25340097879C /* Icon@2x.png in Resources */,
				CF998544160B25BB0097879C /* Default-568h@2x.png in Resources */,
				CF998545160B25BB0097879C /* Default.png in Resources */,
				CF998562160B26210097879C /* clear.wav in Resources */,
				CF998563160B26210097879C /* click.wav in Resources */,
				CF998564160B26210097879C /* fail.wav in Resources */,
				CF998565160B26210097879C /* Funk.aiff in Resources */,
				CF998566160B26210097879C /* Funk.wav in Resources */,
				CF998567160B26210097879C /* Pop.aiff in Resources */,
				CF998568160B26210097879C /* Sosumi.aiff in Resources */,
				CF998569160B26210097879C /* Tink.aiff in Resources */,
				CF99856F160B26590097879C /* ScoreView.xib in Resources */,
				CF998570160B26590097879C /* ScoreView4iPad.xib in Resources */,
				CF998571160B26590097879C /* MainView.xib in Resources */,
				CF998572160B26590097879C /* MainView4iPad.xib in Resources */,
				CF998573160B26590097879C /* MainView4iPhone5.xib in Resources */,
			);
			runOnlyForDeploymentPostprocessing = 0;
		};
/* End PBXResourcesBuildPhase section */

/* Begin PBXSourcesBuildPhase section */
		1D60588E0D05DD3D006BFB54 /* Sources */ = {
			isa = PBXSourcesBuildPhase;
			buildActionMask = 2147483647;
			files = (
				CF0F496D160D84E300E6321D /* TPMultiLayoutViewController.m in Sources */,
				CF502836160B2A6E00B1CDF6 /* SudokuNum.m in Sources */,
				CF502838160B2A6E00B1CDF6 /* SudokuGame.m in Sources */,
				289233A60DB2D0840083E9F9 /* ScoreView.m in Sources */,
				289233A70DB2D0840083E9F9 /* MainView.m in Sources */,
				289233AE0DB2D0DB0083E9F9 /* MainViewController.m in Sources */,
				289233B00DB2D0DB0083E9F9 /* ScoreViewController.m in Sources */,
				CF96BC71114F4D0D009B4E78 /* AppDelegate.m in Sources */,
				CF998595160B27510097879C /* main.m in Sources */,
			);
			runOnlyForDeploymentPostprocessing = 0;
		};
/* End PBXSourcesBuildPhase section */

/* Begin PBXVariantGroup section */
		CF98AE12120FADFC0041A3FE /* Localizable.strings */ = {
			isa = PBXVariantGroup;
			children = (
				CF98AE10120FADF40041A3FE /* English */,
				CF98AE14120FAE010041A3FE /* Korean */,
				CF023E3A1212719E009C58A3 /* Japanese */,
				CF023E3B121271A8009C58A3 /* French */,
				CF023E3C121271AE009C58A3 /* German */,
				CF023E8A12127FEF009C58A3 /* zh_CN */,
				CF023EA012128340009C58A3 /* zh_TW */,
				CF0F631215DE05AB00EF4DF6 /* es */,
			);
			name = Localizable.strings;
			sourceTree = "<group>";
		};
		CFA46E11115E7BB20090B9B1 /* InfoPlist.strings */ = {
			isa = PBXVariantGroup;
			children = (
				CFA46E0F115E7BAB0090B9B1 /* English */,
				CFA46E13115E7BB60090B9B1 /* Korean */,
				CF023EA312128534009C58A3 /* Japanese */,
				CF023EA412128537009C58A3 /* French */,
				CF023EA51212853A009C58A3 /* German */,
				CF023EA61212853D009C58A3 /* zh_CN */,
				CF023EA712128541009C58A3 /* zh_TW */,
				CF0F631115DE05AB00EF4DF6 /* es */,
			);
			name = InfoPlist.strings;
			sourceTree = "<group>";
		};
/* End PBXVariantGroup section */

/* Begin XCBuildConfiguration section */
		1D6058940D05DD3E006BFB54 /* Debug */ = {
			isa = XCBuildConfiguration;
			buildSettings = {
				ALWAYS_SEARCH_USER_PATHS = NO;
				CODE_SIGN_IDENTITY = "";
				"CODE_SIGN_IDENTITY[sdk=iphoneos*]" = "iPhone Developer: Raymond Jeon (BB2BC37UD9)";
				COPY_PHASE_STRIP = NO;
				GCC_DYNAMIC_NO_PIC = NO;
				GCC_OPTIMIZATION_LEVEL = 0;
				GCC_PRECOMPILE_PREFIX_HEADER = YES;
				GCC_PREFIX_HEADER = sudoku_Prefix.pch;
				INFOPLIST_FILE = "$(SRCROOT)/resource/Sudoku9/Sudoku.plist";
				IPHONEOS_DEPLOYMENT_TARGET = 4.3;
				LIBRARY_SEARCH_PATHS = (
					"$(inherited)",
					"\"$(SRCROOT)/GoogleAdMobAdsSDK\"",
				);
				ONLY_ACTIVE_ARCH = YES;
				PRODUCT_NAME = sudoku9;
				"PROVISIONING_PROFILE[sdk=iphoneos*]" = "76AFEE46-0C1F-447D-811E-442BE81D925B";
				SDKROOT = iphoneos;
				VALID_ARCHS = armv7;
			};
			name = Debug;
		};
		1D6058950D05DD3E006BFB54 /* Release */ = {
			isa = XCBuildConfiguration;
			buildSettings = {
				ALWAYS_SEARCH_USER_PATHS = NO;
				"CODE_SIGN_IDENTITY[sdk=iphoneos*]" = "iPhone Developer: Raymond Jeon (BB2BC37UD9)";
				COPY_PHASE_STRIP = YES;
				GCC_PRECOMPILE_PREFIX_HEADER = YES;
				GCC_PREFIX_HEADER = sudoku_Prefix.pch;
				INFOPLIST_FILE = "$(SRCROOT)/resource/Sudoku9/Sudoku.plist";
				IPHONEOS_DEPLOYMENT_TARGET = 4.3;
				LIBRARY_SEARCH_PATHS = (
					"$(inherited)",
					"\"$(SRCROOT)/GoogleAdMobAdsSDK",
				);
				ONLY_ACTIVE_ARCH = YES;
				PRODUCT_NAME = sudoku9;
				"PROVISIONING_PROFILE[sdk=iphoneos*]" = "32FC678A-9177-476F-82A8-BD56C389D0A8";
				SDKROOT = iphoneos;
				SKIP_INSTALL = YES;
			};
			name = Release;
		};
		C01FCF4F08A954540054247B /* Debug */ = {
			isa = XCBuildConfiguration;
			buildSettings = {
				ARCHS = "$(ARCHS_STANDARD_32_BIT)";
				CODE_SIGN_IDENTITY = "iPhone Developer: Raymond Jeon (BB2BC37UD9)";
				"CODE_SIGN_IDENTITY[sdk=iphoneos*]" = "iPhone Developer: Raymond Jeon (BB2BC37UD9)";
				GCC_C_LANGUAGE_STANDARD = c99;
				GCC_WARN_ABOUT_RETURN_TYPE = YES;
				GCC_WARN_UNUSED_VARIABLE = YES;
				IPHONEOS_DEPLOYMENT_TARGET = 4.3;
				PRODUCT_NAME = sudoku9;
				PROVISIONING_PROFILE = "32FC678A-9177-476F-82A8-BD56C389D0A8";
				"PROVISIONING_PROFILE[sdk=iphoneos*]" = "32FC678A-9177-476F-82A8-BD56C389D0A8";
				SDKROOT = iphoneos;
				TARGETED_DEVICE_FAMILY = "1,2";
			};
			name = Debug;
		};
		C01FCF5008A954540054247B /* Release */ = {
			isa = XCBuildConfiguration;
			buildSettings = {
				ARCHS = "$(ARCHS_STANDARD_32_BIT)";
				"CODE_SIGN_IDENTITY[sdk=iphoneos*]" = "iPhone Developer: Raymond Jeon (BB2BC37UD9)";
				GCC_C_LANGUAGE_STANDARD = c99;
				GCC_WARN_ABOUT_RETURN_TYPE = YES;
				GCC_WARN_UNUSED_VARIABLE = YES;
				IPHONEOS_DEPLOYMENT_TARGET = 4.3;
				PRODUCT_NAME = sudoku9;
				"PROVISIONING_PROFILE[sdk=iphoneos*]" = "32FC678A-9177-476F-82A8-BD56C389D0A8";
				SDKROOT = iphoneos;
				TARGETED_DEVICE_FAMILY = "1,2";
			};
			name = Release;
		};
		CFDA663D11576AB500A77B90 /* Distribute */ = {
			isa = XCBuildConfiguration;
			buildSettings = {
				ARCHS = "$(ARCHS_STANDARD_32_BIT)";
				"CODE_SIGN_IDENTITY[sdk=iphoneos*]" = "iPhone Distribution: Raymond Jeon";
				GCC_C_LANGUAGE_STANDARD = c99;
				GCC_WARN_ABOUT_RETURN_TYPE = YES;
				GCC_WARN_UNUSED_VARIABLE = YES;
				IPHONEOS_DEPLOYMENT_TARGET = 4.3;
				PRODUCT_NAME = sudoku9;
				"PROVISIONING_PROFILE[sdk=iphoneos*]" = "8BDE8A80-9483-40C0-B7A1-25786D581481";
				SDKROOT = iphoneos;
				TARGETED_DEVICE_FAMILY = "1,2";
			};
			name = Distribute;
		};
		CFDA663E11576AB500A77B90 /* Distribute */ = {
			isa = XCBuildConfiguration;
			buildSettings = {
				ALWAYS_SEARCH_USER_PATHS = NO;
				"CODE_SIGN_IDENTITY[sdk=iphoneos*]" = "iPhone Distribution: Raymond Jeon";
				COPY_PHASE_STRIP = YES;
				GCC_PRECOMPILE_PREFIX_HEADER = YES;
				GCC_PREFIX_HEADER = sudoku_Prefix.pch;
				INFOPLIST_FILE = "$(SRCROOT)/resource/Sudoku9/Sudoku.plist";
				IPHONEOS_DEPLOYMENT_TARGET = 4.3;
				LIBRARY_SEARCH_PATHS = (
					"$(inherited)",
					"\"$(SRCROOT)/GoogleAdMobAdsSDK\"",
				);
				ONLY_ACTIVE_ARCH = YES;
				PRODUCT_NAME = sudoku9;
				"PROVISIONING_PROFILE[sdk=iphoneos*]" = "8BDE8A80-9483-40C0-B7A1-25786D581481";
				SDKROOT = iphoneos;
				SKIP_INSTALL = NO;
			};
			name = Distribute;
		};
/* End XCBuildConfiguration section */

/* Begin XCConfigurationList section */
		1D6058960D05DD3E006BFB54 /* Build configuration list for PBXNativeTarget "sudoku9" */ = {
			isa = XCConfigurationList;
			buildConfigurations = (
				1D6058940D05DD3E006BFB54 /* Debug */,
				1D6058950D05DD3E006BFB54 /* Release */,
				CFDA663E11576AB500A77B90 /* Distribute */,
			);
			defaultConfigurationIsVisible = 0;
			defaultConfigurationName = Distribute;
		};
		C01FCF4E08A954540054247B /* Build configuration list for PBXProject "sudoku" */ = {
			isa = XCConfigurationList;
			buildConfigurations = (
				C01FCF4F08A954540054247B /* Debug */,
				C01FCF5008A954540054247B /* Release */,
				CFDA663D11576AB500A77B90 /* Distribute */,
			);
			defaultConfigurationIsVisible = 0;
			defaultConfigurationName = Distribute;
		};
/* End XCConfigurationList section */
	};
	rootObject = 29B97313FDCFA39411CA2CEA /* Project object */;
}
