// !$*UTF8*$!
{
	archiveVersion = 1;
	classes = {
	};
	objectVersion = 46;
	objects = {

/* Begin PBXBuildFile section */
		1D60589F0D05DD5A006BFB54 /* Foundation.framework in Frameworks */ = {isa = PBXBuildFile; fileRef = 1D30AB110D05D00D00671497 /* Foundation.framework */; };
		1DF5F4E00D08C38300B7A737 /* UIKit.framework in Frameworks */ = {isa = PBXBuildFile; fileRef = 1DF5F4DF0D08C38300B7A737 /* UIKit.framework */; };
		288765590DF743DE002DB57D /* CoreGraphics.framework in Frameworks */ = {isa = PBXBuildFile; fileRef = 288765580DF743DE002DB57D /* CoreGraphics.framework */; };
		289233A60DB2D0840083E9F9 /* ScoreView.m in Sources */ = {isa = PBXBuildFile; fileRef = 289233A30DB2D0840083E9F9 /* ScoreView.m */; };
		289233A70DB2D0840083E9F9 /* MainView.m in Sources */ = {isa = PBXBuildFile; fileRef = 289233A50DB2D0840083E9F9 /* MainView.m */; };
		289233AE0DB2D0DB0083E9F9 /* MainViewController.m in Sources */ = {isa = PBXBuildFile; fileRef = 289233A90DB2D0DB0083E9F9 /* MainViewController.m */; };
		289233B00DB2D0DB0083E9F9 /* ScoreViewController.m in Sources */ = {isa = PBXBuildFile; fileRef = 289233AD0DB2D0DB0083E9F9 /* ScoreViewController.m */; };
		CF0F496D160D84E300E6321D /* TPMultiLayoutViewController.m in Sources */ = {isa = PBXBuildFile; fileRef = CF28B98B160D7B0900EB125C /* TPMultiLayoutViewController.m */; };
		CF4C6DEB116A1B59007DFB9C /* MessageUI.framework in Frameworks */ = {isa = PBXBuildFile; fileRef = CF4C6DE8116A1B59007DFB9C /* MessageUI.framework */; };
		CF4C6DEC116A1B59007DFB9C /* MediaPlayer.framework in Frameworks */ = {isa = PBXBuildFile; fileRef = CF4C6DE9116A1B59007DFB9C /* MediaPlayer.framework */; };
		CF4C6DED116A1B59007DFB9C /* QuartzCore.framework in Frameworks */ = {isa = PBXBuildFile; fileRef = CF4C6DEA116A1B59007DFB9C /* QuartzCore.framework */; };
		CF502836160B2A6E00B1CDF6 /* SudokuNum.m in Sources */ = {isa = PBXBuildFile; fileRef = CF998581160B26910097879C /* SudokuNum.m */; };
		CF502838160B2A6E00B1CDF6 /* SudokuGame.m in Sources */ = {isa = PBXBuildFile; fileRef = CF99857F160B26910097879C /* SudokuGame.m */; };
		CF5C22B6160F4FE3008F8AB3 /* Icon~ipad.png in Resources */ = {isa = PBXBuildFile; fileRef = CF5C22B5160F4FE3008F8AB3 /* Icon~ipad.png */; };
		CF5C22D3160FF8B1008F8AB3 /* SudokuMap.m in Sources */ = {isa = PBXBuildFile; fileRef = CF5C22D2160FF8B1008F8AB3 /* SudokuMap.m */; };
		CF684411161B2C8A00426DA7 /* SettingView.m in Sources */ = {isa = PBXBuildFile; fileRef = CF68440E161B2C6B00426DA7 /* SettingView.m */; };
		CF684412161B2C8A00426DA7 /* SettingViewController.m in Sources */ = {isa = PBXBuildFile; fileRef = CF684410161B2C6B00426DA7 /* SettingViewController.m */; };
		CF68444B161BD9A100426DA7 /* CFNetwork.framework in Frameworks */ = {isa = PBXBuildFile; fileRef = CF68444A161BD9A100426DA7 /* CFNetwork.framework */; };
		CF68444D161BD9C300426DA7 /* SystemConfiguration.framework in Frameworks */ = {isa = PBXBuildFile; fileRef = CF68444C161BD9C300426DA7 /* SystemConfiguration.framework */; };
		CF68444E161BDC4E00426DA7 /* Appirater.m in Sources */ = {isa = PBXBuildFile; fileRef = CF68443E161BD82B00426DA7 /* Appirater.m */; };
		CF684455161BECD700426DA7 /* AppiraterLocalizable.strings in Resources */ = {isa = PBXBuildFile; fileRef = CF684453161BECD700426DA7 /* AppiraterLocalizable.strings */; };
		CF7120B4161C6951001FB734 /* MainView.xib in Resources */ = {isa = PBXBuildFile; fileRef = CF7120A9161C6951001FB734 /* MainView.xib */; };
		CF7120B5161C6951001FB734 /* MainView4iPad.xib in Resources */ = {isa = PBXBuildFile; fileRef = CF7120AA161C6951001FB734 /* MainView4iPad.xib */; };
		CF7120B6161C6951001FB734 /* MainView4iPadFree.xib in Resources */ = {isa = PBXBuildFile; fileRef = CF7120AB161C6951001FB734 /* MainView4iPadFree.xib */; };
		CF7120B7161C6951001FB734 /* MainView4iPhone5.xib in Resources */ = {isa = PBXBuildFile; fileRef = CF7120AC161C6951001FB734 /* MainView4iPhone5.xib */; };
		CF7120B8161C6951001FB734 /* MainViewFree.xib in Resources */ = {isa = PBXBuildFile; fileRef = CF7120AD161C6951001FB734 /* MainViewFree.xib */; };
		CF7120B9161C6951001FB734 /* MainWindow.xib in Resources */ = {isa = PBXBuildFile; fileRef = CF7120AE161C6951001FB734 /* MainWindow.xib */; };
		CF7120BA161C6951001FB734 /* MainWindow4iPad.xib in Resources */ = {isa = PBXBuildFile; fileRef = CF7120AF161C6951001FB734 /* MainWindow4iPad.xib */; };
		CF7120BB161C6951001FB734 /* ScoreView.xib in Resources */ = {isa = PBXBuildFile; fileRef = CF7120B0161C6951001FB734 /* ScoreView.xib */; };
		CF7120BC161C6951001FB734 /* ScoreView4iPad.xib in Resources */ = {isa = PBXBuildFile; fileRef = CF7120B1161C6951001FB734 /* ScoreView4iPad.xib */; };
		CF7120BD161C6951001FB734 /* SettingView.xib in Resources */ = {isa = PBXBuildFile; fileRef = CF7120B2161C6951001FB734 /* SettingView.xib */; };
		CF7120BE161C6951001FB734 /* SettingView4iPad.xib in Resources */ = {isa = PBXBuildFile; fileRef = CF7120B3161C6951001FB734 /* SettingView4iPad.xib */; };
		CF7120C5161C6995001FB734 /* clear.wav in Resources */ = {isa = PBXBuildFile; fileRef = CF7120C1161C6995001FB734 /* clear.wav */; };
		CF7120C6161C6995001FB734 /* click.wav in Resources */ = {isa = PBXBuildFile; fileRef = CF7120C2161C6995001FB734 /* click.wav */; };
		CF7120C7161C6995001FB734 /* Funk.aiff in Resources */ = {isa = PBXBuildFile; fileRef = CF7120C3161C6995001FB734 /* Funk.aiff */; };
		CF7120C8161C6995001FB734 /* Sosumi.aiff in Resources */ = {isa = PBXBuildFile; fileRef = CF7120C4161C6995001FB734 /* Sosumi.aiff */; };
		CF7120D0161C69AE001FB734 /* Default-568h@2x.png in Resources */ = {isa = PBXBuildFile; fileRef = CF7120C9161C69AE001FB734 /* Default-568h@2x.png */; };
		CF7120D1161C69AE001FB734 /* Default-Landscape@2x~ipad.png in Resources */ = {isa = PBXBuildFile; fileRef = CF7120CA161C69AE001FB734 /* Default-Landscape@2x~ipad.png */; };
		CF7120D2161C69AE001FB734 /* Default-Landscape~ipad.png in Resources */ = {isa = PBXBuildFile; fileRef = CF7120CB161C69AE001FB734 /* Default-Landscape~ipad.png */; };
		CF7120D3161C69AE001FB734 /* Default-Portrait@2x~ipad.png in Resources */ = {isa = PBXBuildFile; fileRef = CF7120CC161C69AE001FB734 /* Default-Portrait@2x~ipad.png */; };
		CF7120D4161C69AE001FB734 /* Default-Portrait~ipad.png in Resources */ = {isa = PBXBuildFile; fileRef = CF7120CD161C69AE001FB734 /* Default-Portrait~ipad.png */; };
		CF7120D5161C69AE001FB734 /* Default.png in Resources */ = {isa = PBXBuildFile; fileRef = CF7120CE161C69AE001FB734 /* Default.png */; };
		CF7120D6161C69AE001FB734 /* Default@2x.png in Resources */ = {isa = PBXBuildFile; fileRef = CF7120CF161C69AE001FB734 /* Default@2x.png */; };
		CF7120D8161C69E9001FB734 /* Icon@2x~ipad.png in Resources */ = {isa = PBXBuildFile; fileRef = CF7120D7161C69E9001FB734 /* Icon@2x~ipad.png */; };
		CF7120ED161C6A18001FB734 /* defmap_h.png in Resources */ = {isa = PBXBuildFile; fileRef = CF7120D9161C6A18001FB734 /* defmap_h.png */; };
		CF7120EE161C6A18001FB734 /* defmap_off.png in Resources */ = {isa = PBXBuildFile; fileRef = CF7120DA161C6A18001FB734 /* defmap_off.png */; };
		CF7120EF161C6A18001FB734 /* defmap_on.png in Resources */ = {isa = PBXBuildFile; fileRef = CF7120DB161C6A18001FB734 /* defmap_on.png */; };
		CF7120F0161C6A18001FB734 /* dupwan_h.png in Resources */ = {isa = PBXBuildFile; fileRef = CF7120DC161C6A18001FB734 /* dupwan_h.png */; };
		CF7120F1161C6A18001FB734 /* dupwan_off.png in Resources */ = {isa = PBXBuildFile; fileRef = CF7120DD161C6A18001FB734 /* dupwan_off.png */; };
		CF7120F2161C6A18001FB734 /* dupwan_on.png in Resources */ = {isa = PBXBuildFile; fileRef = CF7120DE161C6A18001FB734 /* dupwan_on.png */; };
		CF7120F3161C6A18001FB734 /* guideline_h.png in Resources */ = {isa = PBXBuildFile; fileRef = CF7120DF161C6A18001FB734 /* guideline_h.png */; };
		CF7120F4161C6A18001FB734 /* guideline_off.png in Resources */ = {isa = PBXBuildFile; fileRef = CF7120E0161C6A18001FB734 /* guideline_off.png */; };
		CF7120F5161C6A18001FB734 /* guideline_on.png in Resources */ = {isa = PBXBuildFile; fileRef = CF7120E1161C6A18001FB734 /* guideline_on.png */; };
		CF7120F6161C6A18001FB734 /* markingequal_h.png in Resources */ = {isa = PBXBuildFile; fileRef = CF7120E2161C6A18001FB734 /* markingequal_h.png */; };
		CF7120F7161C6A18001FB734 /* markingequal_off.png in Resources */ = {isa = PBXBuildFile; fileRef = CF7120E3161C6A18001FB734 /* markingequal_off.png */; };
		CF7120F8161C6A18001FB734 /* markingequal_on.png in Resources */ = {isa = PBXBuildFile; fileRef = CF7120E4161C6A18001FB734 /* markingequal_on.png */; };
		CF7120F9161C6A18001FB734 /* setting_h.png in Resources */ = {isa = PBXBuildFile; fileRef = CF7120E5161C6A18001FB734 /* setting_h.png */; };
		CF7120FA161C6A18001FB734 /* setting_n.png in Resources */ = {isa = PBXBuildFile; fileRef = CF7120E6161C6A18001FB734 /* setting_n.png */; };
		CF7120FB161C6A18001FB734 /* setting.png in Resources */ = {isa = PBXBuildFile; fileRef = CF7120E7161C6A18001FB734 /* setting.png */; };
		CF7120FC161C6A18001FB734 /* soundeffect_h.png in Resources */ = {isa = PBXBuildFile; fileRef = CF7120E8161C6A18001FB734 /* soundeffect_h.png */; };
		CF7120FD161C6A18001FB734 /* soundeffect_off.png in Resources */ = {isa = PBXBuildFile; fileRef = CF7120E9161C6A18001FB734 /* soundeffect_off.png */; };
		CF7120FE161C6A18001FB734 /* soundeffect_on.png in Resources */ = {isa = PBXBuildFile; fileRef = CF7120EA161C6A18001FB734 /* soundeffect_on.png */; };
		CF7120FF161C6A18001FB734 /* soundoff.png in Resources */ = {isa = PBXBuildFile; fileRef = CF7120EB161C6A18001FB734 /* soundoff.png */; };
		CF712100161C6A18001FB734 /* soundon.png in Resources */ = {isa = PBXBuildFile; fileRef = CF7120EC161C6A18001FB734 /* soundon.png */; };
		CF712102161C719E001FB734 /* gofacebook.png in Resources */ = {isa = PBXBuildFile; fileRef = CF712101161C719E001FB734 /* gofacebook.png */; };
		CF712104161C75EB001FB734 /* gobugreport.png in Resources */ = {isa = PBXBuildFile; fileRef = CF712103161C75EB001FB734 /* gobugreport.png */; };
		CF712106161C7801001FB734 /* goappreview.png in Resources */ = {isa = PBXBuildFile; fileRef = CF712105161C7801001FB734 /* goappreview.png */; };
		CF712108161C7C9B001FB734 /* gomoreapps.png in Resources */ = {isa = PBXBuildFile; fileRef = CF712107161C7C9A001FB734 /* gomoreapps.png */; };
		CF712191161D0ECA001FB734 /* undo_d.png in Resources */ = {isa = PBXBuildFile; fileRef = CF71218E161D0ECA001FB734 /* undo_d.png */; };
		CF712192161D0ECB001FB734 /* undo_h.png in Resources */ = {isa = PBXBuildFile; fileRef = CF71218F161D0ECA001FB734 /* undo_h.png */; };
		CF712193161D0ECB001FB734 /* undo_n.png in Resources */ = {isa = PBXBuildFile; fileRef = CF712190161D0ECA001FB734 /* undo_n.png */; };
		CF8059A01155213300AE3DB5 /* AudioToolbox.framework in Frameworks */ = {isa = PBXBuildFile; fileRef = CF80599F1155213300AE3DB5 /* AudioToolbox.framework */; };
		CF96BC71114F4D0D009B4E78 /* AppDelegate.m in Sources */ = {isa = PBXBuildFile; fileRef = CF96BC70114F4D0D009B4E78 /* AppDelegate.m */; };
		CF98AE13120FADFC0041A3FE /* Localizable.strings in Resources */ = {isa = PBXBuildFile; fileRef = CF98AE12120FADFC0041A3FE /* Localizable.strings */; };
		CF99852A160B25340097879C /* Icon-72.png in Resources */ = {isa = PBXBuildFile; fileRef = CF998522160B25340097879C /* Icon-72.png */; };
		CF99852B160B25340097879C /* Icon-512.png in Resources */ = {isa = PBXBuildFile; fileRef = CF998523160B25340097879C /* Icon-512.png */; };
		CF99852C160B25340097879C /* Icon-1024.png in Resources */ = {isa = PBXBuildFile; fileRef = CF998524160B25340097879C /* Icon-1024.png */; };
		CF99852D160B25340097879C /* Icon-Small-50.png in Resources */ = {isa = PBXBuildFile; fileRef = CF998525160B25340097879C /* Icon-Small-50.png */; };
		CF99852E160B25340097879C /* Icon-Small.png in Resources */ = {isa = PBXBuildFile; fileRef = CF998526160B25340097879C /* Icon-Small.png */; };
		CF99852F160B25340097879C /* Icon-Small@2x.png in Resources */ = {isa = PBXBuildFile; fileRef = CF998527160B25340097879C /* Icon-Small@2x.png */; };
		CF998530160B25340097879C /* Icon.png in Resources */ = {isa = PBXBuildFile; fileRef = CF998528160B25340097879C /* Icon.png */; };
		CF998531160B25340097879C /* Icon@2x.png in Resources */ = {isa = PBXBuildFile; fileRef = CF998529160B25340097879C /* Icon@2x.png */; };
		CF998595160B27510097879C /* main.m in Sources */ = {isa = PBXBuildFile; fileRef = CF998594160B27510097879C /* main.m */; };
		CFA46E12115E7BB20090B9B1 /* InfoPlist.strings in Resources */ = {isa = PBXBuildFile; fileRef = CFA46E11115E7BB20090B9B1 /* InfoPlist.strings */; };
/* End PBXBuildFile section */

/* Begin PBXFileReference section */
		1D30AB110D05D00D00671497 /* Foundation.framework */ = {isa = PBXFileReference; lastKnownFileType = wrapper.framework; name = Foundation.framework; path = System/Library/Frameworks/Foundation.framework; sourceTree = SDKROOT; };
		1D3623240D0F684500981E51 /* AppDelegate.h */ = {isa = PBXFileReference; fileEncoding = 4; lastKnownFileType = sourcecode.c.h; path = AppDelegate.h; sourceTree = "<group>"; };
		1D6058910D05DD3D006BFB54 /* sudoku9.app */ = {isa = PBXFileReference; explicitFileType = wrapper.application; includeInIndex = 0; path = sudoku9.app; sourceTree = BUILT_PRODUCTS_DIR; };
		1DF5F4DF0D08C38300B7A737 /* UIKit.framework */ = {isa = PBXFileReference; lastKnownFileType = wrapper.framework; name = UIKit.framework; path = System/Library/Frameworks/UIKit.framework; sourceTree = SDKROOT; };
		288765580DF743DE002DB57D /* CoreGraphics.framework */ = {isa = PBXFileReference; lastKnownFileType = wrapper.framework; name = CoreGraphics.framework; path = System/Library/Frameworks/CoreGraphics.framework; sourceTree = SDKROOT; };
		289233A20DB2D0840083E9F9 /* ScoreView.h */ = {isa = PBXFileReference; fileEncoding = 4; lastKnownFileType = sourcecode.c.h; name = ScoreView.h; path = Classes/ScoreView.h; sourceTree = "<group>"; };
		289233A30DB2D0840083E9F9 /* ScoreView.m */ = {isa = PBXFileReference; fileEncoding = 4; lastKnownFileType = sourcecode.c.objc; name = ScoreView.m; path = Classes/ScoreView.m; sourceTree = "<group>"; };
		289233A40DB2D0840083E9F9 /* MainView.h */ = {isa = PBXFileReference; fileEncoding = 4; lastKnownFileType = sourcecode.c.h; name = MainView.h; path = Classes/MainView.h; sourceTree = "<group>"; };
		289233A50DB2D0840083E9F9 /* MainView.m */ = {isa = PBXFileReference; fileEncoding = 4; lastKnownFileType = sourcecode.c.objc; name = MainView.m; path = Classes/MainView.m; sourceTree = "<group>"; };
		289233A80DB2D0DB0083E9F9 /* MainViewController.h */ = {isa = PBXFileReference; fileEncoding = 4; lastKnownFileType = sourcecode.c.h; name = MainViewController.h; path = Classes/MainViewController.h; sourceTree = "<group>"; };
		289233A90DB2D0DB0083E9F9 /* MainViewController.m */ = {isa = PBXFileReference; fileEncoding = 4; lastKnownFileType = sourcecode.c.objc; name = MainViewController.m; path = Classes/MainViewController.m; sourceTree = "<group>"; };
		289233AC0DB2D0DB0083E9F9 /* ScoreViewController.h */ = {isa = PBXFileReference; fileEncoding = 4; lastKnownFileType = sourcecode.c.h; name = ScoreViewController.h; path = Classes/ScoreViewController.h; sourceTree = "<group>"; };
		289233AD0DB2D0DB0083E9F9 /* ScoreViewController.m */ = {isa = PBXFileReference; fileEncoding = 4; lastKnownFileType = sourcecode.c.objc; name = ScoreViewController.m; path = Classes/ScoreViewController.m; sourceTree = "<group>"; };
		32CA4F630368D1EE00C91783 /* sudoku_Prefix.pch */ = {isa = PBXFileReference; fileEncoding = 4; lastKnownFileType = sourcecode.c.h; path = sudoku_Prefix.pch; sourceTree = "<group>"; };
		CF023E3A1212719E009C58A3 /* Japanese */ = {isa = PBXFileReference; lastKnownFileType = text.plist.strings; name = Japanese; path = Japanese.lproj/Localizable.strings; sourceTree = "<group>"; };
		CF023E8A12127FEF009C58A3 /* zh_CN */ = {isa = PBXFileReference; lastKnownFileType = text.plist.strings; name = zh_CN; path = zh_CN.lproj/Localizable.strings; sourceTree = "<group>"; };
		CF023EA012128340009C58A3 /* zh_TW */ = {isa = PBXFileReference; lastKnownFileType = text.plist.strings; name = zh_TW; path = zh_TW.lproj/Localizable.strings; sourceTree = "<group>"; };
		CF023EA312128534009C58A3 /* Japanese */ = {isa = PBXFileReference; lastKnownFileType = text.plist.strings; name = Japanese; path = Japanese.lproj/InfoPlist.strings; sourceTree = "<group>"; };
		CF023EA61212853D009C58A3 /* zh_CN */ = {isa = PBXFileReference; lastKnownFileType = text.plist.strings; name = zh_CN; path = zh_CN.lproj/InfoPlist.strings; sourceTree = "<group>"; };
		CF023EA712128541009C58A3 /* zh_TW */ = {isa = PBXFileReference; lastKnownFileType = text.plist.strings; name = zh_TW; path = zh_TW.lproj/InfoPlist.strings; sourceTree = "<group>"; };
		CF28B98A160D7B0900EB125C /* TPMultiLayoutViewController.h */ = {isa = PBXFileReference; lastKnownFileType = sourcecode.c.h; name = TPMultiLayoutViewController.h; path = Classes/TPMultiLayoutViewController.h; sourceTree = "<group>"; };
		CF28B98B160D7B0900EB125C /* TPMultiLayoutViewController.m */ = {isa = PBXFileReference; lastKnownFileType = sourcecode.c.objc; name = TPMultiLayoutViewController.m; path = Classes/TPMultiLayoutViewController.m; sourceTree = "<group>"; };
		CF4C6DE8116A1B59007DFB9C /* MessageUI.framework */ = {isa = PBXFileReference; lastKnownFileType = wrapper.framework; name = MessageUI.framework; path = System/Library/Frameworks/MessageUI.framework; sourceTree = SDKROOT; };
		CF4C6DE9116A1B59007DFB9C /* MediaPlayer.framework */ = {isa = PBXFileReference; lastKnownFileType = wrapper.framework; name = MediaPlayer.framework; path = System/Library/Frameworks/MediaPlayer.framework; sourceTree = SDKROOT; };
		CF4C6DEA116A1B59007DFB9C /* QuartzCore.framework */ = {isa = PBXFileReference; lastKnownFileType = wrapper.framework; name = QuartzCore.framework; path = System/Library/Frameworks/QuartzCore.framework; sourceTree = SDKROOT; };
		CF5C22B5160F4FE3008F8AB3 /* Icon~ipad.png */ = {isa = PBXFileReference; lastKnownFileType = image.png; name = "Icon~ipad.png"; path = "resource/Sudoku9/Icon~ipad.png"; sourceTree = "<group>"; };
		CF5C22D1160FF8B1008F8AB3 /* SudokuMap.h */ = {isa = PBXFileReference; fileEncoding = 4; lastKnownFileType = sourcecode.c.h; name = SudokuMap.h; path = Classes/SudokuMap.h; sourceTree = "<group>"; };
		CF5C22D2160FF8B1008F8AB3 /* SudokuMap.m */ = {isa = PBXFileReference; fileEncoding = 4; lastKnownFileType = sourcecode.c.objc; name = SudokuMap.m; path = Classes/SudokuMap.m; sourceTree = "<group>"; };
		CF68440D161B2C6B00426DA7 /* SettingView.h */ = {isa = PBXFileReference; lastKnownFileType = sourcecode.c.h; name = SettingView.h; path = Classes/SettingView.h; sourceTree = "<group>"; };
		CF68440E161B2C6B00426DA7 /* SettingView.m */ = {isa = PBXFileReference; lastKnownFileType = sourcecode.c.objc; name = SettingView.m; path = Classes/SettingView.m; sourceTree = "<group>"; };
		CF68440F161B2C6B00426DA7 /* SettingViewController.h */ = {isa = PBXFileReference; lastKnownFileType = sourcecode.c.h; name = SettingViewController.h; path = Classes/SettingViewController.h; sourceTree = "<group>"; };
		CF684410161B2C6B00426DA7 /* SettingViewController.m */ = {isa = PBXFileReference; lastKnownFileType = sourcecode.c.objc; name = SettingViewController.m; path = Classes/SettingViewController.m; sourceTree = "<group>"; };
		CF68443D161BD82B00426DA7 /* Appirater.h */ = {isa = PBXFileReference; lastKnownFileType = sourcecode.c.h; path = Appirater.h; sourceTree = "<group>"; };
		CF68443E161BD82B00426DA7 /* Appirater.m */ = {isa = PBXFileReference; lastKnownFileType = sourcecode.c.objc; path = Appirater.m; sourceTree = "<group>"; };
		CF68443F161BD82B00426DA7 /* AppiraterDelegate.h */ = {isa = PBXFileReference; lastKnownFileType = sourcecode.c.h; path = AppiraterDelegate.h; sourceTree = "<group>"; };
		CF68444A161BD9A100426DA7 /* CFNetwork.framework */ = {isa = PBXFileReference; lastKnownFileType = wrapper.framework; name = CFNetwork.framework; path = System/Library/Frameworks/CFNetwork.framework; sourceTree = SDKROOT; };
		CF68444C161BD9C300426DA7 /* SystemConfiguration.framework */ = {isa = PBXFileReference; lastKnownFileType = wrapper.framework; name = SystemConfiguration.framework; path = System/Library/Frameworks/SystemConfiguration.framework; sourceTree = SDKROOT; };
		CF684454161BECD700426DA7 /* Korean */ = {isa = PBXFileReference; lastKnownFileType = text.plist.strings; name = Korean; path = Korean.lproj/AppiraterLocalizable.strings; sourceTree = "<group>"; };
		CF684456161BECE600426DA7 /* Japanese */ = {isa = PBXFileReference; lastKnownFileType = text.plist.strings; name = Japanese; path = Japanese.lproj/AppiraterLocalizable.strings; sourceTree = "<group>"; };
		CF71209C161BF06D001FB734 /* zh_CN */ = {isa = PBXFileReference; lastKnownFileType = text.plist.strings; name = zh_CN; path = zh_CN.lproj/AppiraterLocalizable.strings; sourceTree = "<group>"; };
		CF71209E161BF076001FB734 /* zh_TW */ = {isa = PBXFileReference; lastKnownFileType = text.plist.strings; name = zh_TW; path = zh_TW.lproj/AppiraterLocalizable.strings; sourceTree = "<group>"; };
		CF71209F161BF085001FB734 /* English */ = {isa = PBXFileReference; lastKnownFileType = text.plist.strings; name = English; path = English.lproj/AppiraterLocalizable.strings; sourceTree = "<group>"; };
		CF7120A9161C6951001FB734 /* MainView.xib */ = {isa = PBXFileReference; fileEncoding = 4; lastKnownFileType = file.xib; name = MainView.xib; path = resource/Xibs/MainView.xib; sourceTree = "<group>"; };
		CF7120AA161C6951001FB734 /* MainView4iPad.xib */ = {isa = PBXFileReference; fileEncoding = 4; lastKnownFileType = file.xib; name = MainView4iPad.xib; path = resource/Xibs/MainView4iPad.xib; sourceTree = "<group>"; };
		CF7120AB161C6951001FB734 /* MainView4iPadFree.xib */ = {isa = PBXFileReference; fileEncoding = 4; lastKnownFileType = file.xib; name = MainView4iPadFree.xib; path = resource/Xibs/MainView4iPadFree.xib; sourceTree = "<group>"; };
		CF7120AC161C6951001FB734 /* MainView4iPhone5.xib */ = {isa = PBXFileReference; fileEncoding = 4; lastKnownFileType = file.xib; name = MainView4iPhone5.xib; path = resource/Xibs/MainView4iPhone5.xib; sourceTree = "<group>"; };
		CF7120AD161C6951001FB734 /* MainViewFree.xib */ = {isa = PBXFileReference; fileEncoding = 4; lastKnownFileType = file.xib; name = MainViewFree.xib; path = resource/Xibs/MainViewFree.xib; sourceTree = "<group>"; };
		CF7120AE161C6951001FB734 /* MainWindow.xib */ = {isa = PBXFileReference; fileEncoding = 4; lastKnownFileType = file.xib; name = MainWindow.xib; path = resource/Xibs/MainWindow.xib; sourceTree = "<group>"; };
		CF7120AF161C6951001FB734 /* MainWindow4iPad.xib */ = {isa = PBXFileReference; fileEncoding = 4; lastKnownFileType = file.xib; name = MainWindow4iPad.xib; path = resource/Xibs/MainWindow4iPad.xib; sourceTree = "<group>"; };
		CF7120B0161C6951001FB734 /* ScoreView.xib */ = {isa = PBXFileReference; fileEncoding = 4; lastKnownFileType = file.xib; name = ScoreView.xib; path = resource/Xibs/ScoreView.xib; sourceTree = "<group>"; };
		CF7120B1161C6951001FB734 /* ScoreView4iPad.xib */ = {isa = PBXFileReference; fileEncoding = 4; lastKnownFileType = file.xib; name = ScoreView4iPad.xib; path = resource/Xibs/ScoreView4iPad.xib; sourceTree = "<group>"; };
		CF7120B2161C6951001FB734 /* SettingView.xib */ = {isa = PBXFileReference; fileEncoding = 4; lastKnownFileType = file.xib; name = SettingView.xib; path = resource/Xibs/SettingView.xib; sourceTree = "<group>"; };
		CF7120B3161C6951001FB734 /* SettingView4iPad.xib */ = {isa = PBXFileReference; fileEncoding = 4; lastKnownFileType = file.xib; name = SettingView4iPad.xib; path = resource/Xibs/SettingView4iPad.xib; sourceTree = "<group>"; };
		CF7120C1161C6995001FB734 /* clear.wav */ = {isa = PBXFileReference; lastKnownFileType = audio.wav; name = clear.wav; path = resource/Sounds/clear.wav; sourceTree = "<group>"; };
		CF7120C2161C6995001FB734 /* click.wav */ = {isa = PBXFileReference; lastKnownFileType = audio.wav; name = click.wav; path = resource/Sounds/click.wav; sourceTree = "<group>"; };
		CF7120C3161C6995001FB734 /* Funk.aiff */ = {isa = PBXFileReference; lastKnownFileType = audio.aiff; name = Funk.aiff; path = resource/Sounds/Funk.aiff; sourceTree = "<group>"; };
		CF7120C4161C6995001FB734 /* Sosumi.aiff */ = {isa = PBXFileReference; lastKnownFileType = audio.aiff; name = Sosumi.aiff; path = resource/Sounds/Sosumi.aiff; sourceTree = "<group>"; };
		CF7120C9161C69AE001FB734 /* Default-568h@2x.png */ = {isa = PBXFileReference; lastKnownFileType = image.png; name = "Default-568h@2x.png"; path = "resource/Defaults/Default-568h@2x.png"; sourceTree = "<group>"; };
		CF7120CA161C69AE001FB734 /* Default-Landscape@2x~ipad.png */ = {isa = PBXFileReference; lastKnownFileType = image.png; name = "Default-Landscape@2x~ipad.png"; path = "resource/Defaults/Default-Landscape@2x~ipad.png"; sourceTree = "<group>"; };
		CF7120CB161C69AE001FB734 /* Default-Landscape~ipad.png */ = {isa = PBXFileReference; lastKnownFileType = image.png; name = "Default-Landscape~ipad.png"; path = "resource/Defaults/Default-Landscape~ipad.png"; sourceTree = "<group>"; };
		CF7120CC161C69AE001FB734 /* Default-Portrait@2x~ipad.png */ = {isa = PBXFileReference; lastKnownFileType = image.png; name = "Default-Portrait@2x~ipad.png"; path = "resource/Defaults/Default-Portrait@2x~ipad.png"; sourceTree = "<group>"; };
		CF7120CD161C69AE001FB734 /* Default-Portrait~ipad.png */ = {isa = PBXFileReference; lastKnownFileType = image.png; name = "Default-Portrait~ipad.png"; path = "resource/Defaults/Default-Portrait~ipad.png"; sourceTree = "<group>"; };
		CF7120CE161C69AE001FB734 /* Default.png */ = {isa = PBXFileReference; lastKnownFileType = image.png; name = Default.png; path = resource/Defaults/Default.png; sourceTree = "<group>"; };
		CF7120CF161C69AE001FB734 /* Default@2x.png */ = {isa = PBXFileReference; lastKnownFileType = image.png; name = "Default@2x.png"; path = "resource/Defaults/Default@2x.png"; sourceTree = "<group>"; };
		CF7120D7161C69E9001FB734 /* Icon@2x~ipad.png */ = {isa = PBXFileReference; lastKnownFileType = image.png; name = "Icon@2x~ipad.png"; path = "resource/Sudoku9/Icon@2x~ipad.png"; sourceTree = "<group>"; };
		CF7120D9161C6A18001FB734 /* defmap_h.png */ = {isa = PBXFileReference; lastKnownFileType = image.png; name = defmap_h.png; path = resource/Images/defmap_h.png; sourceTree = "<group>"; };
		CF7120DA161C6A18001FB734 /* defmap_off.png */ = {isa = PBXFileReference; lastKnownFileType = image.png; name = defmap_off.png; path = resource/Images/defmap_off.png; sourceTree = "<group>"; };
		CF7120DB161C6A18001FB734 /* defmap_on.png */ = {isa = PBXFileReference; lastKnownFileType = image.png; name = defmap_on.png; path = resource/Images/defmap_on.png; sourceTree = "<group>"; };
		CF7120DC161C6A18001FB734 /* dupwan_h.png */ = {isa = PBXFileReference; lastKnownFileType = image.png; name = dupwan_h.png; path = resource/Images/dupwan_h.png; sourceTree = "<group>"; };
		CF7120DD161C6A18001FB734 /* dupwan_off.png */ = {isa = PBXFileReference; lastKnownFileType = image.png; name = dupwan_off.png; path = resource/Images/dupwan_off.png; sourceTree = "<group>"; };
		CF7120DE161C6A18001FB734 /* dupwan_on.png */ = {isa = PBXFileReference; lastKnownFileType = image.png; name = dupwan_on.png; path = resource/Images/dupwan_on.png; sourceTree = "<group>"; };
		CF7120DF161C6A18001FB734 /* guideline_h.png */ = {isa = PBXFileReference; lastKnownFileType = image.png; name = guideline_h.png; path = resource/Images/guideline_h.png; sourceTree = "<group>"; };
		CF7120E0161C6A18001FB734 /* guideline_off.png */ = {isa = PBXFileReference; lastKnownFileType = image.png; name = guideline_off.png; path = resource/Images/guideline_off.png; sourceTree = "<group>"; };
		CF7120E1161C6A18001FB734 /* guideline_on.png */ = {isa = PBXFileReference; lastKnownFileType = image.png; name = guideline_on.png; path = resource/Images/guideline_on.png; sourceTree = "<group>"; };
		CF7120E2161C6A18001FB734 /* markingequal_h.png */ = {isa = PBXFileReference; lastKnownFileType = image.png; name = markingequal_h.png; path = resource/Images/markingequal_h.png; sourceTree = "<group>"; };
		CF7120E3161C6A18001FB734 /* markingequal_off.png */ = {isa = PBXFileReference; lastKnownFileType = image.png; name = markingequal_off.png; path = resource/Images/markingequal_off.png; sourceTree = "<group>"; };
		CF7120E4161C6A18001FB734 /* markingequal_on.png */ = {isa = PBXFileReference; lastKnownFileType = image.png; name = markingequal_on.png; path = resource/Images/markingequal_on.png; sourceTree = "<group>"; };
		CF7120E5161C6A18001FB734 /* setting_h.png */ = {isa = PBXFileReference; lastKnownFileType = image.png; name = setting_h.png; path = resource/Images/setting_h.png; sourceTree = "<group>"; };
		CF7120E6161C6A18001FB734 /* setting_n.png */ = {isa = PBXFileReference; lastKnownFileType = image.png; name = setting_n.png; path = resource/Images/setting_n.png; sourceTree = "<group>"; };
		CF7120E7161C6A18001FB734 /* setting.png */ = {isa = PBXFileReference; lastKnownFileType = image.png; name = setting.png; path = resource/Images/setting.png; sourceTree = "<group>"; };
		CF7120E8161C6A18001FB734 /* soundeffect_h.png */ = {isa = PBXFileReference; lastKnownFileType = image.png; name = soundeffect_h.png; path = resource/Images/soundeffect_h.png; sourceTree = "<group>"; };
		CF7120E9161C6A18001FB734 /* soundeffect_off.png */ = {isa = PBXFileReference; lastKnownFileType = image.png; name = soundeffect_off.png; path = resource/Images/soundeffect_off.png; sourceTree = "<group>"; };
		CF7120EA161C6A18001FB734 /* soundeffect_on.png */ = {isa = PBXFileReference; lastKnownFileType = image.png; name = soundeffect_on.png; path = resource/Images/soundeffect_on.png; sourceTree = "<group>"; };
		CF7120EB161C6A18001FB734 /* soundoff.png */ = {isa = PBXFileReference; lastKnownFileType = image.png; name = soundoff.png; path = resource/Images/soundoff.png; sourceTree = "<group>"; };
		CF7120EC161C6A18001FB734 /* soundon.png */ = {isa = PBXFileReference; lastKnownFileType = image.png; name = soundon.png; path = resource/Images/soundon.png; sourceTree = "<group>"; };
		CF712101161C719E001FB734 /* gofacebook.png */ = {isa = PBXFileReference; lastKnownFileType = image.png; name = gofacebook.png; path = resource/Images/gofacebook.png; sourceTree = "<group>"; };
		CF712103161C75EB001FB734 /* gobugreport.png */ = {isa = PBXFileReference; lastKnownFileType = image.png; name = gobugreport.png; path = resource/Images/gobugreport.png; sourceTree = "<group>"; };
		CF712105161C7801001FB734 /* goappreview.png */ = {isa = PBXFileReference; lastKnownFileType = image.png; name = goappreview.png; path = resource/Images/goappreview.png; sourceTree = "<group>"; };
		CF712107161C7C9A001FB734 /* gomoreapps.png */ = {isa = PBXFileReference; lastKnownFileType = image.png; name = gomoreapps.png; path = resource/Images/gomoreapps.png; sourceTree = "<group>"; };
		CF71218E161D0ECA001FB734 /* undo_d.png */ = {isa = PBXFileReference; lastKnownFileType = image.png; name = undo_d.png; path = resource/Images/undo_d.png; sourceTree = "<group>"; };
		CF71218F161D0ECA001FB734 /* undo_h.png */ = {isa = PBXFileReference; lastKnownFileType = image.png; name = undo_h.png; path = resource/Images/undo_h.png; sourceTree = "<group>"; };
		CF712190161D0ECA001FB734 /* undo_n.png */ = {isa = PBXFileReference; lastKnownFileType = image.png; name = undo_n.png; path = resource/Images/undo_n.png; sourceTree = "<group>"; };
		CF80599F1155213300AE3DB5 /* AudioToolbox.framework */ = {isa = PBXFileReference; lastKnownFileType = wrapper.framework; name = AudioToolbox.framework; path = System/Library/Frameworks/AudioToolbox.framework; sourceTree = SDKROOT; };
		CF96BC70114F4D0D009B4E78 /* AppDelegate.m */ = {isa = PBXFileReference; fileEncoding = 4; lastKnownFileType = sourcecode.c.objc; path = AppDelegate.m; sourceTree = "<group>"; };
		CF98AE10120FADF40041A3FE /* English */ = {isa = PBXFileReference; fileEncoding = 4; lastKnownFileType = text.plist.strings; name = English; path = English.lproj/Localizable.strings; sourceTree = "<group>"; };
		CF98AE14120FAE010041A3FE /* Korean */ = {isa = PBXFileReference; lastKnownFileType = text.plist.strings; name = Korean; path = Korean.lproj/Localizable.strings; sourceTree = "<group>"; };
		CF99851C160B23DB0097879C /* Sudoku.plist */ = {isa = PBXFileReference; fileEncoding = 4; lastKnownFileType = text.plist.xml; name = Sudoku.plist; path = resource/Sudoku9/Sudoku.plist; sourceTree = "<group>"; };
		CF998522160B25340097879C /* Icon-72.png */ = {isa = PBXFileReference; lastKnownFileType = image.png; name = "Icon-72.png"; path = "resource/Sudoku9/Icon-72.png"; sourceTree = "<group>"; };
		CF998523160B25340097879C /* Icon-512.png */ = {isa = PBXFileReference; lastKnownFileType = image.png; name = "Icon-512.png"; path = "resource/Sudoku9/Icon-512.png"; sourceTree = "<group>"; };
		CF998524160B25340097879C /* Icon-1024.png */ = {isa = PBXFileReference; lastKnownFileType = image.png; name = "Icon-1024.png"; path = "resource/Sudoku9/Icon-1024.png"; sourceTree = "<group>"; };
		CF998525160B25340097879C /* Icon-Small-50.png */ = {isa = PBXFileReference; lastKnownFileType = image.png; name = "Icon-Small-50.png"; path = "resource/Sudoku9/Icon-Small-50.png"; sourceTree = "<group>"; };
		CF998526160B25340097879C /* Icon-Small.png */ = {isa = PBXFileReference; lastKnownFileType = image.png; name = "Icon-Small.png"; path = "resource/Sudoku9/Icon-Small.png"; sourceTree = "<group>"; };
		CF998527160B25340097879C /* Icon-Small@2x.png */ = {isa = PBXFileReference; lastKnownFileType = image.png; name = "Icon-Small@2x.png"; path = "resource/Sudoku9/Icon-Small@2x.png"; sourceTree = "<group>"; };
		CF998528160B25340097879C /* Icon.png */ = {isa = PBXFileReference; lastKnownFileType = image.png; name = Icon.png; path = resource/Sudoku9/Icon.png; sourceTree = "<group>"; };
		CF998529160B25340097879C /* Icon@2x.png */ = {isa = PBXFileReference; lastKnownFileType = image.png; name = "Icon@2x.png"; path = "resource/Sudoku9/Icon@2x.png"; sourceTree = "<group>"; };
		CF99857E160B26910097879C /* SudokuGame.h */ = {isa = PBXFileReference; lastKnownFileType = sourcecode.c.h; name = SudokuGame.h; path = Classes/SudokuGame.h; sourceTree = "<group>"; };
		CF99857F160B26910097879C /* SudokuGame.m */ = {isa = PBXFileReference; lastKnownFileType = sourcecode.c.objc; name = SudokuGame.m; path = Classes/SudokuGame.m; sourceTree = "<group>"; };
		CF998580160B26910097879C /* SudokuNum.h */ = {isa = PBXFileReference; lastKnownFileType = sourcecode.c.h; name = SudokuNum.h; path = Classes/SudokuNum.h; sourceTree = "<group>"; };
		CF998581160B26910097879C /* SudokuNum.m */ = {isa = PBXFileReference; lastKnownFileType = sourcecode.c.objc; name = SudokuNum.m; path = Classes/SudokuNum.m; sourceTree = "<group>"; };
		CF998582160B26980097879C /* Constants.h */ = {isa = PBXFileReference; lastKnownFileType = sourcecode.c.h; name = Constants.h; path = Classes/Constants.h; sourceTree = "<group>"; };
		CF998594160B27510097879C /* main.m */ = {isa = PBXFileReference; fileEncoding = 4; lastKnownFileType = sourcecode.c.objc; name = main.m; path = Classes/main.m; sourceTree = "<group>"; };
		CFA46E0F115E7BAB0090B9B1 /* English */ = {isa = PBXFileReference; fileEncoding = 4; lastKnownFileType = text.plist.strings; name = English; path = English.lproj/InfoPlist.strings; sourceTree = "<group>"; };
		CFA46E13115E7BB60090B9B1 /* Korean */ = {isa = PBXFileReference; lastKnownFileType = text.plist.strings; name = Korean; path = Korean.lproj/InfoPlist.strings; sourceTree = "<group>"; };
/* End PBXFileReference section */

/* Begin PBXFrameworksBuildPhase section */
		1D60588F0D05DD3D006BFB54 /* Frameworks */ = {
			isa = PBXFrameworksBuildPhase;
			buildActionMask = 2147483647;
			files = (
				CF68444D161BD9C300426DA7 /* SystemConfiguration.framework in Frameworks */,
				CF68444B161BD9A100426DA7 /* CFNetwork.framework in Frameworks */,
				1D60589F0D05DD5A006BFB54 /* Foundation.framework in Frameworks */,
				1DF5F4E00D08C38300B7A737 /* UIKit.framework in Frameworks */,
				288765590DF743DE002DB57D /* CoreGraphics.framework in Frameworks */,
				CF8059A01155213300AE3DB5 /* AudioToolbox.framework in Frameworks */,
				CF4C6DEB116A1B59007DFB9C /* MessageUI.framework in Frameworks */,
				CF4C6DEC116A1B59007DFB9C /* MediaPlayer.framework in Frameworks */,
				CF4C6DED116A1B59007DFB9C /* QuartzCore.framework in Frameworks */,
			);
			runOnlyForDeploymentPostprocessing = 0;
		};
/* End PBXFrameworksBuildPhase section */

/* Begin PBXGroup section */
		080E96DDFE201D6D7F000001 /* Application Delegate */ = {
			isa = PBXGroup;
			children = (
				1D3623240D0F684500981E51 /* AppDelegate.h */,
				CF96BC70114F4D0D009B4E78 /* AppDelegate.m */,
				CF68443D161BD82B00426DA7 /* Appirater.h */,
				CF68443E161BD82B00426DA7 /* Appirater.m */,
				CF68443F161BD82B00426DA7 /* AppiraterDelegate.h */,
			);
			name = "Application Delegate";
			path = Classes;
			sourceTree = "<group>";
		};
		19C28FACFE9D520D11CA2CBB /* Products */ = {
			isa = PBXGroup;
			children = (
				1D6058910D05DD3D006BFB54 /* sudoku9.app */,
			);
			name = Products;
			sourceTree = "<group>";
		};
		281C6CD70DB2D82200F60ACC /* Score View */ = {
			isa = PBXGroup;
			children = (
				289233A20DB2D0840083E9F9 /* ScoreView.h */,
				289233A30DB2D0840083E9F9 /* ScoreView.m */,
				289233AC0DB2D0DB0083E9F9 /* ScoreViewController.h */,
				289233AD0DB2D0DB0083E9F9 /* ScoreViewController.m */,
			);
			name = "Score View";
			sourceTree = "<group>";
		};
		289233A00DB2D0730083E9F9 /* Main View */ = {
			isa = PBXGroup;
			children = (
				CF998582160B26980097879C /* Constants.h */,
				289233A40DB2D0840083E9F9 /* MainView.h */,
				289233A50DB2D0840083E9F9 /* MainView.m */,
				289233A80DB2D0DB0083E9F9 /* MainViewController.h */,
				289233A90DB2D0DB0083E9F9 /* MainViewController.m */,
			);
			name = "Main View";
			sourceTree = "<group>";
		};
		29B97314FDCFA39411CA2CEA /* CustomTemplate */ = {
			isa = PBXGroup;
			children = (
				CF68444C161BD9C300426DA7 /* SystemConfiguration.framework */,
				CF68444A161BD9A100426DA7 /* CFNetwork.framework */,
				CF28B988160D7ACD00EB125C /* TPMultiLayout */,
				CFBE97D5114DE8FC00CCED88 /* Data */,
				289233A00DB2D0730083E9F9 /* Main View */,
				CF68440B161B2C5000426DA7 /* Setting View */,
				281C6CD70DB2D82200F60ACC /* Score View */,
				080E96DDFE201D6D7F000001 /* Application Delegate */,
				29B97315FDCFA39411CA2CEA /* Other Sources */,
				29B97317FDCFA39411CA2CEA /* Resources */,
				29B97323FDCFA39411CA2CEA /* Frameworks */,
				19C28FACFE9D520D11CA2CBB /* Products */,
			);
			name = CustomTemplate;
			sourceTree = "<group>";
		};
		29B97315FDCFA39411CA2CEA /* Other Sources */ = {
			isa = PBXGroup;
			children = (
				CF998594160B27510097879C /* main.m */,
				32CA4F630368D1EE00C91783 /* sudoku_Prefix.pch */,
			);
			name = "Other Sources";
			sourceTree = "<group>";
		};
		29B97317FDCFA39411CA2CEA /* Resources */ = {
			isa = PBXGroup;
			children = (
				CF99851C160B23DB0097879C /* Sudoku.plist */,
				CF7120C0161C6969001FB734 /* Xibs */,
				CF68443C161BC11500426DA7 /* Sounds */,
				CF68443B161BC10200426DA7 /* Defaults */,
				CF68443A161BC0F200426DA7 /* Icons */,
				CF684439161BC0D400426DA7 /* Images */,
				CFA46E11115E7BB20090B9B1 /* InfoPlist.strings */,
				CF712107161C7C9A001FB734 /* gomoreapps.png */,
				CF98AE12120FADFC0041A3FE /* Localizable.strings */,
				CF684453161BECD700426DA7 /* AppiraterLocalizable.strings */,
			);
			name = Resources;
			sourceTree = "<group>";
		};
		29B97323FDCFA39411CA2CEA /* Frameworks */ = {
			isa = PBXGroup;
			children = (
				CF4C6DE8116A1B59007DFB9C /* MessageUI.framework */,
				CF4C6DE9116A1B59007DFB9C /* MediaPlayer.framework */,
				CF4C6DEA116A1B59007DFB9C /* QuartzCore.framework */,
				1DF5F4DF0D08C38300B7A737 /* UIKit.framework */,
				1D30AB110D05D00D00671497 /* Foundation.framework */,
				288765580DF743DE002DB57D /* CoreGraphics.framework */,
				CF80599F1155213300AE3DB5 /* AudioToolbox.framework */,
			);
			name = Frameworks;
			sourceTree = "<group>";
		};
		CF28B988160D7ACD00EB125C /* TPMultiLayout */ = {
			isa = PBXGroup;
			children = (
				CF28B98A160D7B0900EB125C /* TPMultiLayoutViewController.h */,
				CF28B98B160D7B0900EB125C /* TPMultiLayoutViewController.m */,
			);
			name = TPMultiLayout;
			sourceTree = "<group>";
		};
		CF68440B161B2C5000426DA7 /* Setting View */ = {
			isa = PBXGroup;
			children = (
				CF68440D161B2C6B00426DA7 /* SettingView.h */,
				CF68440E161B2C6B00426DA7 /* SettingView.m */,
				CF68440F161B2C6B00426DA7 /* SettingViewController.h */,
				CF684410161B2C6B00426DA7 /* SettingViewController.m */,
			);
			name = "Setting View";
			sourceTree = "<group>";
		};
		CF684439161BC0D400426DA7 /* Images */ = {
			isa = PBXGroup;
			children = (
				CF71218E161D0ECA001FB734 /* undo_d.png */,
				CF71218F161D0ECA001FB734 /* undo_h.png */,
				CF712190161D0ECA001FB734 /* undo_n.png */,
				CF7120D9161C6A18001FB734 /* defmap_h.png */,
				CF7120DA161C6A18001FB734 /* defmap_off.png */,
				CF7120DB161C6A18001FB734 /* defmap_on.png */,
				CF7120DC161C6A18001FB734 /* dupwan_h.png */,
				CF7120DD161C6A18001FB734 /* dupwan_off.png */,
				CF7120DE161C6A18001FB734 /* dupwan_on.png */,
				CF7120DF161C6A18001FB734 /* guideline_h.png */,
				CF7120E0161C6A18001FB734 /* guideline_off.png */,
				CF7120E1161C6A18001FB734 /* guideline_on.png */,
				CF7120E2161C6A18001FB734 /* markingequal_h.png */,
				CF7120E3161C6A18001FB734 /* markingequal_off.png */,
				CF7120E4161C6A18001FB734 /* markingequal_on.png */,
				CF7120E5161C6A18001FB734 /* setting_h.png */,
				CF7120E6161C6A18001FB734 /* setting_n.png */,
				CF7120E7161C6A18001FB734 /* setting.png */,
				CF7120E8161C6A18001FB734 /* soundeffect_h.png */,
				CF7120E9161C6A18001FB734 /* soundeffect_off.png */,
				CF7120EA161C6A18001FB734 /* soundeffect_on.png */,
				CF7120EB161C6A18001FB734 /* soundoff.png */,
				CF7120EC161C6A18001FB734 /* soundon.png */,
				CF712101161C719E001FB734 /* gofacebook.png */,
				CF712103161C75EB001FB734 /* gobugreport.png */,
				CF712105161C7801001FB734 /* goappreview.png */,
			);
			name = Images;
			sourceTree = "<group>";
		};
		CF68443A161BC0F200426DA7 /* Icons */ = {
			isa = PBXGroup;
			children = (
				CF998522160B25340097879C /* Icon-72.png */,
				CF998523160B25340097879C /* Icon-512.png */,
				CF998524160B25340097879C /* Icon-1024.png */,
				CF998525160B25340097879C /* Icon-Small-50.png */,
				CF998526160B25340097879C /* Icon-Small.png */,
				CF998527160B25340097879C /* Icon-Small@2x.png */,
				CF998528160B25340097879C /* Icon.png */,
				CF998529160B25340097879C /* Icon@2x.png */,
				CF7120D7161C69E9001FB734 /* Icon@2x~ipad.png */,
				CF5C22B5160F4FE3008F8AB3 /* Icon~ipad.png */,
			);
			name = Icons;
			sourceTree = "<group>";
		};
		CF68443B161BC10200426DA7 /* Defaults */ = {
			isa = PBXGroup;
			children = (
				CF7120C9161C69AE001FB734 /* Default-568h@2x.png */,
				CF7120CA161C69AE001FB734 /* Default-Landscape@2x~ipad.png */,
				CF7120CB161C69AE001FB734 /* Default-Landscape~ipad.png */,
				CF7120CC161C69AE001FB734 /* Default-Portrait@2x~ipad.png */,
				CF7120CD161C69AE001FB734 /* Default-Portrait~ipad.png */,
				CF7120CE161C69AE001FB734 /* Default.png */,
				CF7120CF161C69AE001FB734 /* Default@2x.png */,
			);
			name = Defaults;
			sourceTree = "<group>";
		};
		CF68443C161BC11500426DA7 /* Sounds */ = {
			isa = PBXGroup;
			children = (
				CF7120C1161C6995001FB734 /* clear.wav */,
				CF7120C2161C6995001FB734 /* click.wav */,
				CF7120C3161C6995001FB734 /* Funk.aiff */,
				CF7120C4161C6995001FB734 /* Sosumi.aiff */,
			);
			name = Sounds;
			sourceTree = "<group>";
		};
		CF7120C0161C6969001FB734 /* Xibs */ = {
			isa = PBXGroup;
			children = (
				CF7120A9161C6951001FB734 /* MainView.xib */,
				CF7120AA161C6951001FB734 /* MainView4iPad.xib */,
				CF7120AB161C6951001FB734 /* MainView4iPadFree.xib */,
				CF7120AC161C6951001FB734 /* MainView4iPhone5.xib */,
				CF7120AD161C6951001FB734 /* MainViewFree.xib */,
				CF7120AE161C6951001FB734 /* MainWindow.xib */,
				CF7120AF161C6951001FB734 /* MainWindow4iPad.xib */,
				CF7120B0161C6951001FB734 /* ScoreView.xib */,
				CF7120B1161C6951001FB734 /* ScoreView4iPad.xib */,
				CF7120B2161C6951001FB734 /* SettingView.xib */,
				CF7120B3161C6951001FB734 /* SettingView4iPad.xib */,
			);
			name = Xibs;
			sourceTree = "<group>";
		};
		CFBE97D5114DE8FC00CCED88 /* Data */ = {
			isa = PBXGroup;
			children = (
				CF5C22D1160FF8B1008F8AB3 /* SudokuMap.h */,
				CF5C22D2160FF8B1008F8AB3 /* SudokuMap.m */,
				CF998580160B26910097879C /* SudokuNum.h */,
				CF998581160B26910097879C /* SudokuNum.m */,
				CF99857E160B26910097879C /* SudokuGame.h */,
				CF99857F160B26910097879C /* SudokuGame.m */,
			);
			name = Data;
			sourceTree = "<group>";
		};
/* End PBXGroup section */

/* Begin PBXNativeTarget section */
		1D6058900D05DD3D006BFB54 /* sudoku9 */ = {
			isa = PBXNativeTarget;
			buildConfigurationList = 1D6058960D05DD3E006BFB54 /* Build configuration list for PBXNativeTarget "sudoku9" */;
			buildPhases = (
				1D60588D0D05DD3D006BFB54 /* Resources */,
				1D60588E0D05DD3D006BFB54 /* Sources */,
				1D60588F0D05DD3D006BFB54 /* Frameworks */,
			);
			buildRules = (
			);
			dependencies = (
			);
			name = sudoku9;
			productName = Sudoku9;
			productReference = 1D6058910D05DD3D006BFB54 /* sudoku9.app */;
			productType = "com.apple.product-type.application";
		};
/* End PBXNativeTarget section */

/* Begin PBXProject section */
		29B97313FDCFA39411CA2CEA /* Project object */ = {
			isa = PBXProject;
			attributes = {
				LastUpgradeCheck = 0450;
			};
			buildConfigurationList = C01FCF4E08A954540054247B /* Build configuration list for PBXProject "sudoku" */;
			compatibilityVersion = "Xcode 3.2";
			developmentRegion = English;
			hasScannedForEncodings = 1;
			knownRegions = (
				English,
				Japanese,
				French,
				German,
				en,
				Korean,
				zh_CN,
				zh_TW,
			);
			mainGroup = 29B97314FDCFA39411CA2CEA /* CustomTemplate */;
			projectDirPath = "";
			projectRoot = "";
			targets = (
				1D6058900D05DD3D006BFB54 /* sudoku9 */,
			);
		};
/* End PBXProject section */

/* Begin PBXResourcesBuildPhase section */
		1D60588D0D05DD3D006BFB54 /* Resources */ = {
			isa = PBXResourcesBuildPhase;
			buildActionMask = 2147483647;
			files = (
				CFA46E12115E7BB20090B9B1 /* InfoPlist.strings in Resources */,
				CF98AE13120FADFC0041A3FE /* Localizable.strings in Resources */,
				CF99852A160B25340097879C /* Icon-72.png in Resources */,
				CF99852B160B25340097879C /* Icon-512.png in Resources */,
				CF99852C160B25340097879C /* Icon-1024.png in Resources */,
				CF99852D160B25340097879C /* Icon-Small-50.png in Resources */,
				CF99852E160B25340097879C /* Icon-Small.png in Resources */,
				CF99852F160B25340097879C /* Icon-Small@2x.png in Resources */,
				CF998530160B25340097879C /* Icon.png in Resources */,
				CF998531160B25340097879C /* Icon@2x.png in Resources */,
				CF5C22B6160F4FE3008F8AB3 /* Icon~ipad.png in Resources */,
				CF684455161BECD700426DA7 /* AppiraterLocalizable.strings in Resources */,
				CF7120B4161C6951001FB734 /* MainView.xib in Resources */,
				CF7120B5161C6951001FB734 /* MainView4iPad.xib in Resources */,
				CF7120B6161C6951001FB734 /* MainView4iPadFree.xib in Resources */,
				CF7120B7161C6951001FB734 /* MainView4iPhone5.xib in Resources */,
				CF7120B8161C6951001FB734 /* MainViewFree.xib in Resources */,
				CF7120B9161C6951001FB734 /* MainWindow.xib in Resources */,
				CF7120BA161C6951001FB734 /* MainWindow4iPad.xib in Resources */,
				CF7120BB161C6951001FB734 /* ScoreView.xib in Resources */,
				CF7120BC161C6951001FB734 /* ScoreView4iPad.xib in Resources */,
				CF7120BD161C6951001FB734 /* SettingView.xib in Resources */,
				CF7120BE161C6951001FB734 /* SettingView4iPad.xib in Resources */,
				CF7120C5161C6995001FB734 /* clear.wav in Resources */,
				CF7120C6161C6995001FB734 /* click.wav in Resources */,
				CF7120C7161C6995001FB734 /* Funk.aiff in Resources */,
				CF7120C8161C6995001FB734 /* Sosumi.aiff in Resources */,
				CF7120D0161C69AE001FB734 /* Default-568h@2x.png in Resources */,
				CF7120D1161C69AE001FB734 /* Default-Landscape@2x~ipad.png in Resources */,
				CF7120D2161C69AE001FB734 /* Default-Landscape~ipad.png in Resources */,
				CF7120D3161C69AE001FB734 /* Default-Portrait@2x~ipad.png in Resources */,
				CF7120D4161C69AE001FB734 /* Default-Portrait~ipad.png in Resources */,
				CF7120D5161C69AE001FB734 /* Default.png in Resources */,
				CF7120D6161C69AE001FB734 /* Default@2x.png in Resources */,
				CF7120D8161C69E9001FB734 /* Icon@2x~ipad.png in Resources */,
				CF7120ED161C6A18001FB734 /* defmap_h.png in Resources */,
				CF7120EE161C6A18001FB734 /* defmap_off.png in Resources */,
				CF7120EF161C6A18001FB734 /* defmap_on.png in Resources */,
				CF7120F0161C6A18001FB734 /* dupwan_h.png in Resources */,
				CF7120F1161C6A18001FB734 /* dupwan_off.png in Resources */,
				CF7120F2161C6A18001FB734 /* dupwan_on.png in Resources */,
				CF7120F3161C6A18001FB734 /* guideline_h.png in Resources */,
				CF7120F4161C6A18001FB734 /* guideline_off.png in Resources */,
				CF7120F5161C6A18001FB734 /* guideline_on.png in Resources */,
				CF7120F6161C6A18001FB734 /* markingequal_h.png in Resources */,
				CF7120F7161C6A18001FB734 /* markingequal_off.png in Resources */,
				CF7120F8161C6A18001FB734 /* markingequal_on.png in Resources */,
				CF7120F9161C6A18001FB734 /* setting_h.png in Resources */,
				CF7120FA161C6A18001FB734 /* setting_n.png in Resources */,
				CF7120FB161C6A18001FB734 /* setting.png in Resources */,
				CF7120FC161C6A18001FB734 /* soundeffect_h.png in Resources */,
				CF7120FD161C6A18001FB734 /* soundeffect_off.png in Resources */,
				CF7120FE161C6A18001FB734 /* soundeffect_on.png in Resources */,
				CF7120FF161C6A18001FB734 /* soundoff.png in Resources */,
				CF712100161C6A18001FB734 /* soundon.png in Resources */,
				CF712102161C719E001FB734 /* gofacebook.png in Resources */,
				CF712104161C75EB001FB734 /* gobugreport.png in Resources */,
				CF712106161C7801001FB734 /* goappreview.png in Resources */,
				CF712108161C7C9B001FB734 /* gomoreapps.png in Resources */,
				CF712191161D0ECA001FB734 /* undo_d.png in Resources */,
				CF712192161D0ECB001FB734 /* undo_h.png in Resources */,
				CF712193161D0ECB001FB734 /* undo_n.png in Resources */,
			);
			runOnlyForDeploymentPostprocessing = 0;
		};
/* End PBXResourcesBuildPhase section */

/* Begin PBXSourcesBuildPhase section */
		1D60588E0D05DD3D006BFB54 /* Sources */ = {
			isa = PBXSourcesBuildPhase;
			buildActionMask = 2147483647;
			files = (
				CF68444E161BDC4E00426DA7 /* Appirater.m in Sources */,
				CF684411161B2C8A00426DA7 /* SettingView.m in Sources */,
				CF684412161B2C8A00426DA7 /* SettingViewController.m in Sources */,
				CF0F496D160D84E300E6321D /* TPMultiLayoutViewController.m in Sources */,
				CF502836160B2A6E00B1CDF6 /* SudokuNum.m in Sources */,
				CF502838160B2A6E00B1CDF6 /* SudokuGame.m in Sources */,
				289233A60DB2D0840083E9F9 /* ScoreView.m in Sources */,
				289233A70DB2D0840083E9F9 /* MainView.m in Sources */,
				289233AE0DB2D0DB0083E9F9 /* MainViewController.m in Sources */,
				289233B00DB2D0DB0083E9F9 /* ScoreViewController.m in Sources */,
				CF96BC71114F4D0D009B4E78 /* AppDelegate.m in Sources */,
				CF998595160B27510097879C /* main.m in Sources */,
				CF5C22D3160FF8B1008F8AB3 /* SudokuMap.m in Sources */,
			);
			runOnlyForDeploymentPostprocessing = 0;
		};
/* End PBXSourcesBuildPhase section */

/* Begin PBXVariantGroup section */
		CF684453161BECD700426DA7 /* AppiraterLocalizable.strings */ = {
			isa = PBXVariantGroup;
			children = (
				CF684454161BECD700426DA7 /* Korean */,
				CF684456161BECE600426DA7 /* Japanese */,
				CF71209C161BF06D001FB734 /* zh_CN */,
				CF71209E161BF076001FB734 /* zh_TW */,
				CF71209F161BF085001FB734 /* English */,
			);
			name = AppiraterLocalizable.strings;
			sourceTree = "<group>";
		};
		CF98AE12120FADFC0041A3FE /* Localizable.strings */ = {
			isa = PBXVariantGroup;
			children = (
				CF98AE10120FADF40041A3FE /* English */,
				CF98AE14120FAE010041A3FE /* Korean */,
				CF023E3A1212719E009C58A3 /* Japanese */,
				CF023E8A12127FEF009C58A3 /* zh_CN */,
				CF023EA012128340009C58A3 /* zh_TW */,
			);
			name = Localizable.strings;
			sourceTree = "<group>";
		};
		CFA46E11115E7BB20090B9B1 /* InfoPlist.strings */ = {
			isa = PBXVariantGroup;
			children = (
				CFA46E0F115E7BAB0090B9B1 /* English */,
				CFA46E13115E7BB60090B9B1 /* Korean */,
				CF023EA312128534009C58A3 /* Japanese */,
				CF023EA61212853D009C58A3 /* zh_CN */,
				CF023EA712128541009C58A3 /* zh_TW */,
			);
			name = InfoPlist.strings;
			sourceTree = "<group>";
		};
/* End PBXVariantGroup section */

/* Begin XCBuildConfiguration section */
		1D6058940D05DD3E006BFB54 /* Debug */ = {
			isa = XCBuildConfiguration;
			buildSettings = {
				ALWAYS_SEARCH_USER_PATHS = NO;
				CODE_SIGN_IDENTITY = "";
				"CODE_SIGN_IDENTITY[sdk=iphoneos*]" = "iPhone Developer: Raymond Jeon (BB2BC37UD9)";
				COPY_PHASE_STRIP = NO;
				GCC_DYNAMIC_NO_PIC = NO;
				GCC_OPTIMIZATION_LEVEL = 0;
				GCC_PRECOMPILE_PREFIX_HEADER = YES;
				GCC_PREFIX_HEADER = sudoku_Prefix.pch;
				INFOPLIST_FILE = "$(SRCROOT)/resource/Sudoku9/Sudoku.plist";
				IPHONEOS_DEPLOYMENT_TARGET = 4.3;
				LIBRARY_SEARCH_PATHS = (
					"$(inherited)",
					"\"$(SRCROOT)/GoogleAdMobAdsSDK\"",
				);
				ONLY_ACTIVE_ARCH = YES;
				PRODUCT_NAME = sudoku9;
				"PROVISIONING_PROFILE[sdk=iphoneos*]" = "76AFEE46-0C1F-447D-811E-442BE81D925B";
				SDKROOT = iphoneos;
				VALID_ARCHS = armv7;
			};
			name = Debug;
		};
		1D6058950D05DD3E006BFB54 /* Release */ = {
			isa = XCBuildConfiguration;
			buildSettings = {
				ALWAYS_SEARCH_USER_PATHS = NO;
				"CODE_SIGN_IDENTITY[sdk=iphoneos*]" = "iPhone Developer: Raymond Jeon (BB2BC37UD9)";
				COPY_PHASE_STRIP = YES;
				GCC_PRECOMPILE_PREFIX_HEADER = YES;
				GCC_PREFIX_HEADER = sudoku_Prefix.pch;
				INFOPLIST_FILE = "$(SRCROOT)/resource/Sudoku9/Sudoku.plist";
				IPHONEOS_DEPLOYMENT_TARGET = 4.3;
				LIBRARY_SEARCH_PATHS = (
					"$(inherited)",
					"\"$(SRCROOT)/GoogleAdMobAdsSDK",
				);
				ONLY_ACTIVE_ARCH = YES;
				PRODUCT_NAME = sudoku9;
				"PROVISIONING_PROFILE[sdk=iphoneos*]" = "32FC678A-9177-476F-82A8-BD56C389D0A8";
				SDKROOT = iphoneos;
				SKIP_INSTALL = YES;
			};
			name = Release;
		};
		C01FCF4F08A954540054247B /* Debug */ = {
			isa = XCBuildConfiguration;
			buildSettings = {
				ARCHS = "$(ARCHS_STANDARD_32_BIT)";
				CODE_SIGN_IDENTITY = "iPhone Developer: Raymond Jeon (BB2BC37UD9)";
				"CODE_SIGN_IDENTITY[sdk=iphoneos*]" = "iPhone Developer: Raymond Jeon (BB2BC37UD9)";
				GCC_C_LANGUAGE_STANDARD = c99;
				GCC_WARN_ABOUT_RETURN_TYPE = YES;
				GCC_WARN_UNUSED_VARIABLE = YES;
				IPHONEOS_DEPLOYMENT_TARGET = 4.3;
				PRODUCT_NAME = sudoku9;
				PROVISIONING_PROFILE = "32FC678A-9177-476F-82A8-BD56C389D0A8";
				"PROVISIONING_PROFILE[sdk=iphoneos*]" = "32FC678A-9177-476F-82A8-BD56C389D0A8";
				SDKROOT = iphoneos;
				TARGETED_DEVICE_FAMILY = "1,2";
			};
			name = Debug;
		};
		C01FCF5008A954540054247B /* Release */ = {
			isa = XCBuildConfiguration;
			buildSettings = {
				ARCHS = "$(ARCHS_STANDARD_32_BIT)";
				"CODE_SIGN_IDENTITY[sdk=iphoneos*]" = "iPhone Developer: Raymond Jeon (BB2BC37UD9)";
				GCC_C_LANGUAGE_STANDARD = c99;
				GCC_WARN_ABOUT_RETURN_TYPE = YES;
				GCC_WARN_UNUSED_VARIABLE = YES;
				IPHONEOS_DEPLOYMENT_TARGET = 4.3;
				PRODUCT_NAME = sudoku9;
				"PROVISIONING_PROFILE[sdk=iphoneos*]" = "32FC678A-9177-476F-82A8-BD56C389D0A8";
				SDKROOT = iphoneos;
				TARGETED_DEVICE_FAMILY = "1,2";
			};
			name = Release;
		};
		CFDA663D11576AB500A77B90 /* Distribute */ = {
			isa = XCBuildConfiguration;
			buildSettings = {
				ARCHS = "$(ARCHS_STANDARD_32_BIT)";
				"CODE_SIGN_IDENTITY[sdk=iphoneos*]" = "iPhone Distribution: Raymond Jeon";
				GCC_C_LANGUAGE_STANDARD = c99;
				GCC_WARN_ABOUT_RETURN_TYPE = YES;
				GCC_WARN_UNUSED_VARIABLE = YES;
				IPHONEOS_DEPLOYMENT_TARGET = 4.3;
				PRODUCT_NAME = sudoku9;
				"PROVISIONING_PROFILE[sdk=iphoneos*]" = "8BDE8A80-9483-40C0-B7A1-25786D581481";
				SDKROOT = iphoneos;
				TARGETED_DEVICE_FAMILY = "1,2";
			};
			name = Distribute;
		};
		CFDA663E11576AB500A77B90 /* Distribute */ = {
			isa = XCBuildConfiguration;
			buildSettings = {
				ALWAYS_SEARCH_USER_PATHS = NO;
				"CODE_SIGN_IDENTITY[sdk=iphoneos*]" = "iPhone Distribution: Raymond Jeon";
				COPY_PHASE_STRIP = YES;
				GCC_PRECOMPILE_PREFIX_HEADER = YES;
				GCC_PREFIX_HEADER = sudoku_Prefix.pch;
				INFOPLIST_FILE = "$(SRCROOT)/resource/Sudoku9/Sudoku.plist";
				IPHONEOS_DEPLOYMENT_TARGET = 4.3;
				LIBRARY_SEARCH_PATHS = (
					"$(inherited)",
					"\"$(SRCROOT)/GoogleAdMobAdsSDK\"",
				);
				ONLY_ACTIVE_ARCH = YES;
				PRODUCT_NAME = sudoku9;
				"PROVISIONING_PROFILE[sdk=iphoneos*]" = "8BDE8A80-9483-40C0-B7A1-25786D581481";
				SDKROOT = iphoneos;
				SKIP_INSTALL = NO;
			};
			name = Distribute;
		};
/* End XCBuildConfiguration section */

/* Begin XCConfigurationList section */
		1D6058960D05DD3E006BFB54 /* Build configuration list for PBXNativeTarget "sudoku9" */ = {
			isa = XCConfigurationList;
			buildConfigurations = (
				1D6058940D05DD3E006BFB54 /* Debug */,
				1D6058950D05DD3E006BFB54 /* Release */,
				CFDA663E11576AB500A77B90 /* Distribute */,
			);
			defaultConfigurationIsVisible = 0;
			defaultConfigurationName = Distribute;
		};
		C01FCF4E08A954540054247B /* Build configuration list for PBXProject "sudoku" */ = {
			isa = XCConfigurationList;
			buildConfigurations = (
				C01FCF4F08A954540054247B /* Debug */,
				C01FCF5008A954540054247B /* Release */,
				CFDA663D11576AB500A77B90 /* Distribute */,
			);
			defaultConfigurationIsVisible = 0;
			defaultConfigurationName = Distribute;
		};
/* End XCConfigurationList section */
	};
	rootObject = 29B97313FDCFA39411CA2CEA /* Project object */;
}
